// !$*UTF8*$!
{
	archiveVersion = 1;
	classes = {
	};
	objectVersion = 56;
	objects = {

/* Begin PBXBuildFile section */
		0B1B221C0DF42AB8755FC8B1 /* Pods_Google_ios_login_Google_ios_loginUITests.framework in Frameworks */ = {isa = PBXBuildFile; fileRef = D03605CC096771622CD84A1E /* Pods_Google_ios_login_Google_ios_loginUITests.framework */; };
		192546C52CA3F3B4002FB402 /* Google_ios_loginApp.swift in Sources */ = {isa = PBXBuildFile; fileRef = 192546C42CA3F3B4002FB402 /* Google_ios_loginApp.swift */; };
		192546C72CA3F3B4002FB402 /* ContentView.swift in Sources */ = {isa = PBXBuildFile; fileRef = 192546C62CA3F3B4002FB402 /* ContentView.swift */; };
		192546C92CA3F3B5002FB402 /* Assets.xcassets in Resources */ = {isa = PBXBuildFile; fileRef = 192546C82CA3F3B5002FB402 /* Assets.xcassets */; };
		192546CC2CA3F3B5002FB402 /* Preview Assets.xcassets in Resources */ = {isa = PBXBuildFile; fileRef = 192546CB2CA3F3B5002FB402 /* Preview Assets.xcassets */; };
		192546D62CA3F3B5002FB402 /* Google_ios_loginTests.swift in Sources */ = {isa = PBXBuildFile; fileRef = 192546D52CA3F3B5002FB402 /* Google_ios_loginTests.swift */; };
		192546E02CA3F3B5002FB402 /* Google_ios_loginUITests.swift in Sources */ = {isa = PBXBuildFile; fileRef = 192546DF2CA3F3B5002FB402 /* Google_ios_loginUITests.swift */; };
		192546E22CA3F3B5002FB402 /* Google_ios_loginUITestsLaunchTests.swift in Sources */ = {isa = PBXBuildFile; fileRef = 192546E12CA3F3B5002FB402 /* Google_ios_loginUITestsLaunchTests.swift */; };
		192546EF2CA3F9F3002FB402 /* GoogleService-Info.plist in Resources */ = {isa = PBXBuildFile; fileRef = 192546EE2CA3F9F3002FB402 /* GoogleService-Info.plist */; };
		192546F22CA3FA8E002FB402 /* FirebaseAuth in Frameworks */ = {isa = PBXBuildFile; productRef = 192546F12CA3FA8E002FB402 /* FirebaseAuth */; };
		192546F42CA3FA8E002FB402 /* FirebaseFirestore in Frameworks */ = {isa = PBXBuildFile; productRef = 192546F32CA3FA8E002FB402 /* FirebaseFirestore */; };
		192546F62CA3FA8E002FB402 /* FirebaseFirestoreSwift in Frameworks */ = {isa = PBXBuildFile; productRef = 192546F52CA3FA8E002FB402 /* FirebaseFirestoreSwift */; };
		192546F82CA3FA8E002FB402 /* FirebaseStorage in Frameworks */ = {isa = PBXBuildFile; productRef = 192546F72CA3FA8E002FB402 /* FirebaseStorage */; };
		192546FA2CA3FE08002FB402 /* MainTabView.swift in Sources */ = {isa = PBXBuildFile; fileRef = 192546F92CA3FE08002FB402 /* MainTabView.swift */; };
		192547002CA3FF7A002FB402 /* LoginView.swift in Sources */ = {isa = PBXBuildFile; fileRef = 192546FF2CA3FF7A002FB402 /* LoginView.swift */; };
		71641B16C2C900A9C5949346 /* Pods_Google_ios_login.framework in Frameworks */ = {isa = PBXBuildFile; fileRef = FC986778D4E23F0D3787AD66 /* Pods_Google_ios_login.framework */; };
		D3BC17FCB046DA985636C686 /* Pods_Google_ios_loginTests.framework in Frameworks */ = {isa = PBXBuildFile; fileRef = AB9F991BFA027719B046C036 /* Pods_Google_ios_loginTests.framework */; };
/* End PBXBuildFile section */

/* Begin PBXContainerItemProxy section */
		192546D22CA3F3B5002FB402 /* PBXContainerItemProxy */ = {
			isa = PBXContainerItemProxy;
			containerPortal = 192546B92CA3F3B4002FB402 /* Project object */;
			proxyType = 1;
			remoteGlobalIDString = 192546C02CA3F3B4002FB402;
			remoteInfo = "Google-ios-login";
		};
		192546DC2CA3F3B5002FB402 /* PBXContainerItemProxy */ = {
			isa = PBXContainerItemProxy;
			containerPortal = 192546B92CA3F3B4002FB402 /* Project object */;
			proxyType = 1;
			remoteGlobalIDString = 192546C02CA3F3B4002FB402;
			remoteInfo = "Google-ios-login";
		};
/* End PBXContainerItemProxy section */

/* Begin PBXFileReference section */
		192546C12CA3F3B4002FB402 /* Google-ios-login.app */ = {isa = PBXFileReference; explicitFileType = wrapper.application; includeInIndex = 0; path = "Google-ios-login.app"; sourceTree = BUILT_PRODUCTS_DIR; };
		192546C42CA3F3B4002FB402 /* Google_ios_loginApp.swift */ = {isa = PBXFileReference; lastKnownFileType = sourcecode.swift; path = Google_ios_loginApp.swift; sourceTree = "<group>"; };
		192546C62CA3F3B4002FB402 /* ContentView.swift */ = {isa = PBXFileReference; lastKnownFileType = sourcecode.swift; path = ContentView.swift; sourceTree = "<group>"; };
		192546C82CA3F3B5002FB402 /* Assets.xcassets */ = {isa = PBXFileReference; lastKnownFileType = folder.assetcatalog; path = Assets.xcassets; sourceTree = "<group>"; };
		192546CB2CA3F3B5002FB402 /* Preview Assets.xcassets */ = {isa = PBXFileReference; lastKnownFileType = folder.assetcatalog; path = "Preview Assets.xcassets"; sourceTree = "<group>"; };
		192546D12CA3F3B5002FB402 /* Google-ios-loginTests.xctest */ = {isa = PBXFileReference; explicitFileType = wrapper.cfbundle; includeInIndex = 0; path = "Google-ios-loginTests.xctest"; sourceTree = BUILT_PRODUCTS_DIR; };
		192546D52CA3F3B5002FB402 /* Google_ios_loginTests.swift */ = {isa = PBXFileReference; lastKnownFileType = sourcecode.swift; path = Google_ios_loginTests.swift; sourceTree = "<group>"; };
		192546DB2CA3F3B5002FB402 /* Google-ios-loginUITests.xctest */ = {isa = PBXFileReference; explicitFileType = wrapper.cfbundle; includeInIndex = 0; path = "Google-ios-loginUITests.xctest"; sourceTree = BUILT_PRODUCTS_DIR; };
		192546DF2CA3F3B5002FB402 /* Google_ios_loginUITests.swift */ = {isa = PBXFileReference; lastKnownFileType = sourcecode.swift; path = Google_ios_loginUITests.swift; sourceTree = "<group>"; };
		192546E12CA3F3B5002FB402 /* Google_ios_loginUITestsLaunchTests.swift */ = {isa = PBXFileReference; lastKnownFileType = sourcecode.swift; path = Google_ios_loginUITestsLaunchTests.swift; sourceTree = "<group>"; };
		192546EE2CA3F9F3002FB402 /* GoogleService-Info.plist */ = {isa = PBXFileReference; fileEncoding = 4; lastKnownFileType = text.plist.xml; path = "GoogleService-Info.plist"; sourceTree = "<group>"; };
		192546F92CA3FE08002FB402 /* MainTabView.swift */ = {isa = PBXFileReference; lastKnownFileType = sourcecode.swift; path = MainTabView.swift; sourceTree = "<group>"; };
		192546FF2CA3FF7A002FB402 /* LoginView.swift */ = {isa = PBXFileReference; lastKnownFileType = sourcecode.swift; path = LoginView.swift; sourceTree = "<group>"; };
		36E38E4F8206177FEFB9E942 /* Pods-Google-ios-loginTests.release.xcconfig */ = {isa = PBXFileReference; includeInIndex = 1; lastKnownFileType = text.xcconfig; name = "Pods-Google-ios-loginTests.release.xcconfig"; path = "Target Support Files/Pods-Google-ios-loginTests/Pods-Google-ios-loginTests.release.xcconfig"; sourceTree = "<group>"; };
		39CA10C90648640E46F23AE5 /* Pods-Google-ios-login-Google-ios-loginUITests.release.xcconfig */ = {isa = PBXFileReference; includeInIndex = 1; lastKnownFileType = text.xcconfig; name = "Pods-Google-ios-login-Google-ios-loginUITests.release.xcconfig"; path = "Target Support Files/Pods-Google-ios-login-Google-ios-loginUITests/Pods-Google-ios-login-Google-ios-loginUITests.release.xcconfig"; sourceTree = "<group>"; };
		3FBBA96C03D6B5442848536D /* Pods-Google-ios-login.release.xcconfig */ = {isa = PBXFileReference; includeInIndex = 1; lastKnownFileType = text.xcconfig; name = "Pods-Google-ios-login.release.xcconfig"; path = "Target Support Files/Pods-Google-ios-login/Pods-Google-ios-login.release.xcconfig"; sourceTree = "<group>"; };
		8A2D62B605082A2BF7E853E7 /* Pods-Google-ios-loginTests.debug.xcconfig */ = {isa = PBXFileReference; includeInIndex = 1; lastKnownFileType = text.xcconfig; name = "Pods-Google-ios-loginTests.debug.xcconfig"; path = "Target Support Files/Pods-Google-ios-loginTests/Pods-Google-ios-loginTests.debug.xcconfig"; sourceTree = "<group>"; };
		AB9F991BFA027719B046C036 /* Pods_Google_ios_loginTests.framework */ = {isa = PBXFileReference; explicitFileType = wrapper.framework; includeInIndex = 0; path = Pods_Google_ios_loginTests.framework; sourceTree = BUILT_PRODUCTS_DIR; };
		D03605CC096771622CD84A1E /* Pods_Google_ios_login_Google_ios_loginUITests.framework */ = {isa = PBXFileReference; explicitFileType = wrapper.framework; includeInIndex = 0; path = Pods_Google_ios_login_Google_ios_loginUITests.framework; sourceTree = BUILT_PRODUCTS_DIR; };
		D2E631E4738E4DE06B4458B9 /* Pods-Google-ios-login.debug.xcconfig */ = {isa = PBXFileReference; includeInIndex = 1; lastKnownFileType = text.xcconfig; name = "Pods-Google-ios-login.debug.xcconfig"; path = "Target Support Files/Pods-Google-ios-login/Pods-Google-ios-login.debug.xcconfig"; sourceTree = "<group>"; };
		FC986778D4E23F0D3787AD66 /* Pods_Google_ios_login.framework */ = {isa = PBXFileReference; explicitFileType = wrapper.framework; includeInIndex = 0; path = Pods_Google_ios_login.framework; sourceTree = BUILT_PRODUCTS_DIR; };
		FCA39AECD8FBD4B38441F11F /* Pods-Google-ios-login-Google-ios-loginUITests.debug.xcconfig */ = {isa = PBXFileReference; includeInIndex = 1; lastKnownFileType = text.xcconfig; name = "Pods-Google-ios-login-Google-ios-loginUITests.debug.xcconfig"; path = "Target Support Files/Pods-Google-ios-login-Google-ios-loginUITests/Pods-Google-ios-login-Google-ios-loginUITests.debug.xcconfig"; sourceTree = "<group>"; };
/* End PBXFileReference section */

/* Begin PBXFrameworksBuildPhase section */
		192546BE2CA3F3B4002FB402 /* Frameworks */ = {
			isa = PBXFrameworksBuildPhase;
			buildActionMask = 2147483647;
			files = (
				71641B16C2C900A9C5949346 /* Pods_Google_ios_login.framework in Frameworks */,
				192546F22CA3FA8E002FB402 /* FirebaseAuth in Frameworks */,
				192546F42CA3FA8E002FB402 /* FirebaseFirestore in Frameworks */,
				192546F82CA3FA8E002FB402 /* FirebaseStorage in Frameworks */,
				192546F62CA3FA8E002FB402 /* FirebaseFirestoreSwift in Frameworks */,
			);
			runOnlyForDeploymentPostprocessing = 0;
		};
		192546CE2CA3F3B5002FB402 /* Frameworks */ = {
			isa = PBXFrameworksBuildPhase;
			buildActionMask = 2147483647;
			files = (
				D3BC17FCB046DA985636C686 /* Pods_Google_ios_loginTests.framework in Frameworks */,
			);
			runOnlyForDeploymentPostprocessing = 0;
		};
		192546D82CA3F3B5002FB402 /* Frameworks */ = {
			isa = PBXFrameworksBuildPhase;
			buildActionMask = 2147483647;
			files = (
				0B1B221C0DF42AB8755FC8B1 /* Pods_Google_ios_login_Google_ios_loginUITests.framework in Frameworks */,
			);
			runOnlyForDeploymentPostprocessing = 0;
		};
/* End PBXFrameworksBuildPhase section */

/* Begin PBXGroup section */
		192546B82CA3F3B4002FB402 = {
			isa = PBXGroup;
			children = (
				192546C32CA3F3B4002FB402 /* Google-ios-login */,
				192546D42CA3F3B5002FB402 /* Google-ios-loginTests */,
				192546DE2CA3F3B5002FB402 /* Google-ios-loginUITests */,
				192546C22CA3F3B4002FB402 /* Products */,
				CF84A7682A5426C7171E050C /* Pods */,
				B7CDEFED1B949C82C0975D25 /* Frameworks */,
			);
			sourceTree = "<group>";
		};
		192546C22CA3F3B4002FB402 /* Products */ = {
			isa = PBXGroup;
			children = (
				192546C12CA3F3B4002FB402 /* Google-ios-login.app */,
				192546D12CA3F3B5002FB402 /* Google-ios-loginTests.xctest */,
				192546DB2CA3F3B5002FB402 /* Google-ios-loginUITests.xctest */,
			);
			name = Products;
			sourceTree = "<group>";
		};
		192546C32CA3F3B4002FB402 /* Google-ios-login */ = {
			isa = PBXGroup;
			children = (
				192546FC2CA3FF56002FB402 /* Login */,
				192546C42CA3F3B4002FB402 /* Google_ios_loginApp.swift */,
				192546C62CA3F3B4002FB402 /* ContentView.swift */,
				192546C82CA3F3B5002FB402 /* Assets.xcassets */,
				192546EE2CA3F9F3002FB402 /* GoogleService-Info.plist */,
				192546CA2CA3F3B5002FB402 /* Preview Content */,
				192546F92CA3FE08002FB402 /* MainTabView.swift */,
			);
			path = "Google-ios-login";
			sourceTree = "<group>";
		};
		192546CA2CA3F3B5002FB402 /* Preview Content */ = {
			isa = PBXGroup;
			children = (
				192546CB2CA3F3B5002FB402 /* Preview Assets.xcassets */,
			);
			path = "Preview Content";
			sourceTree = "<group>";
		};
		192546D42CA3F3B5002FB402 /* Google-ios-loginTests */ = {
			isa = PBXGroup;
			children = (
				192546D52CA3F3B5002FB402 /* Google_ios_loginTests.swift */,
			);
			path = "Google-ios-loginTests";
			sourceTree = "<group>";
		};
		192546DE2CA3F3B5002FB402 /* Google-ios-loginUITests */ = {
			isa = PBXGroup;
			children = (
				192546DF2CA3F3B5002FB402 /* Google_ios_loginUITests.swift */,
				192546E12CA3F3B5002FB402 /* Google_ios_loginUITestsLaunchTests.swift */,
			);
			path = "Google-ios-loginUITests";
			sourceTree = "<group>";
		};
		192546FC2CA3FF56002FB402 /* Login */ = {
			isa = PBXGroup;
			children = (
				192546FD2CA3FF5D002FB402 /* View */,
				192546FE2CA3FF63002FB402 /* ViewModel */,
			);
			path = Login;
			sourceTree = "<group>";
		};
		192546FD2CA3FF5D002FB402 /* View */ = {
			isa = PBXGroup;
			children = (
				192546FF2CA3FF7A002FB402 /* LoginView.swift */,
			);
			path = View;
			sourceTree = "<group>";
		};
		192546FE2CA3FF63002FB402 /* ViewModel */ = {
			isa = PBXGroup;
			children = (
			);
			path = ViewModel;
			sourceTree = "<group>";
		};
		B7CDEFED1B949C82C0975D25 /* Frameworks */ = {
			isa = PBXGroup;
			children = (
				FC986778D4E23F0D3787AD66 /* Pods_Google_ios_login.framework */,
				D03605CC096771622CD84A1E /* Pods_Google_ios_login_Google_ios_loginUITests.framework */,
				AB9F991BFA027719B046C036 /* Pods_Google_ios_loginTests.framework */,
			);
			name = Frameworks;
			sourceTree = "<group>";
		};
		CF84A7682A5426C7171E050C /* Pods */ = {
			isa = PBXGroup;
			children = (
				D2E631E4738E4DE06B4458B9 /* Pods-Google-ios-login.debug.xcconfig */,
				3FBBA96C03D6B5442848536D /* Pods-Google-ios-login.release.xcconfig */,
				FCA39AECD8FBD4B38441F11F /* Pods-Google-ios-login-Google-ios-loginUITests.debug.xcconfig */,
				39CA10C90648640E46F23AE5 /* Pods-Google-ios-login-Google-ios-loginUITests.release.xcconfig */,
				8A2D62B605082A2BF7E853E7 /* Pods-Google-ios-loginTests.debug.xcconfig */,
				36E38E4F8206177FEFB9E942 /* Pods-Google-ios-loginTests.release.xcconfig */,
			);
			path = Pods;
			sourceTree = "<group>";
		};
/* End PBXGroup section */

/* Begin PBXNativeTarget section */
		192546C02CA3F3B4002FB402 /* Google-ios-login */ = {
			isa = PBXNativeTarget;
			buildConfigurationList = 192546E52CA3F3B5002FB402 /* Build configuration list for PBXNativeTarget "Google-ios-login" */;
			buildPhases = (
				8F47A42CA3B3BC64DE737632 /* [CP] Check Pods Manifest.lock */,
				192546BD2CA3F3B4002FB402 /* Sources */,
				192546BE2CA3F3B4002FB402 /* Frameworks */,
				192546BF2CA3F3B4002FB402 /* Resources */,
				723D64076369692D6E77FF45 /* [CP] Embed Pods Frameworks */,
			);
			buildRules = (
			);
			dependencies = (
			);
			name = "Google-ios-login";
			packageProductDependencies = (
				192546F12CA3FA8E002FB402 /* FirebaseAuth */,
				192546F32CA3FA8E002FB402 /* FirebaseFirestore */,
				192546F52CA3FA8E002FB402 /* FirebaseFirestoreSwift */,
				192546F72CA3FA8E002FB402 /* FirebaseStorage */,
			);
			productName = "Google-ios-login";
			productReference = 192546C12CA3F3B4002FB402 /* Google-ios-login.app */;
			productType = "com.apple.product-type.application";
		};
		192546D02CA3F3B5002FB402 /* Google-ios-loginTests */ = {
			isa = PBXNativeTarget;
			buildConfigurationList = 192546E82CA3F3B5002FB402 /* Build configuration list for PBXNativeTarget "Google-ios-loginTests" */;
			buildPhases = (
				A080FEE3FD8C825F3F855A47 /* [CP] Check Pods Manifest.lock */,
				192546CD2CA3F3B5002FB402 /* Sources */,
				192546CE2CA3F3B5002FB402 /* Frameworks */,
				192546CF2CA3F3B5002FB402 /* Resources */,
			);
			buildRules = (
			);
			dependencies = (
				192546D32CA3F3B5002FB402 /* PBXTargetDependency */,
			);
			name = "Google-ios-loginTests";
			productName = "Google-ios-loginTests";
			productReference = 192546D12CA3F3B5002FB402 /* Google-ios-loginTests.xctest */;
			productType = "com.apple.product-type.bundle.unit-test";
		};
		192546DA2CA3F3B5002FB402 /* Google-ios-loginUITests */ = {
			isa = PBXNativeTarget;
			buildConfigurationList = 192546EB2CA3F3B5002FB402 /* Build configuration list for PBXNativeTarget "Google-ios-loginUITests" */;
			buildPhases = (
				FF192E492655FD5CFF0374AD /* [CP] Check Pods Manifest.lock */,
				192546D72CA3F3B5002FB402 /* Sources */,
				192546D82CA3F3B5002FB402 /* Frameworks */,
				192546D92CA3F3B5002FB402 /* Resources */,
				1991A2AFF1F3AA83545A3BEB /* [CP] Embed Pods Frameworks */,
			);
			buildRules = (
			);
			dependencies = (
				192546DD2CA3F3B5002FB402 /* PBXTargetDependency */,
			);
			name = "Google-ios-loginUITests";
			productName = "Google-ios-loginUITests";
			productReference = 192546DB2CA3F3B5002FB402 /* Google-ios-loginUITests.xctest */;
			productType = "com.apple.product-type.bundle.ui-testing";
		};
/* End PBXNativeTarget section */

/* Begin PBXProject section */
		192546B92CA3F3B4002FB402 /* Project object */ = {
			isa = PBXProject;
			attributes = {
				BuildIndependentTargetsInParallel = 1;
				LastSwiftUpdateCheck = 1430;
				LastUpgradeCheck = 1430;
				TargetAttributes = {
					192546C02CA3F3B4002FB402 = {
						CreatedOnToolsVersion = 14.3.1;
					};
					192546D02CA3F3B5002FB402 = {
						CreatedOnToolsVersion = 14.3.1;
						TestTargetID = 192546C02CA3F3B4002FB402;
					};
					192546DA2CA3F3B5002FB402 = {
						CreatedOnToolsVersion = 14.3.1;
						TestTargetID = 192546C02CA3F3B4002FB402;
					};
				};
			};
			buildConfigurationList = 192546BC2CA3F3B4002FB402 /* Build configuration list for PBXProject "Google-ios-login" */;
			compatibilityVersion = "Xcode 14.0";
			developmentRegion = en;
			hasScannedForEncodings = 0;
			knownRegions = (
				en,
				Base,
			);
			mainGroup = 192546B82CA3F3B4002FB402;
			packageReferences = (
				192546F02CA3FA8E002FB402 /* XCRemoteSwiftPackageReference "firebase-ios-sdk" */,
			);
			productRefGroup = 192546C22CA3F3B4002FB402 /* Products */;
			projectDirPath = "";
			projectRoot = "";
			targets = (
				192546C02CA3F3B4002FB402 /* Google-ios-login */,
				192546D02CA3F3B5002FB402 /* Google-ios-loginTests */,
				192546DA2CA3F3B5002FB402 /* Google-ios-loginUITests */,
			);
		};
/* End PBXProject section */

/* Begin PBXResourcesBuildPhase section */
		192546BF2CA3F3B4002FB402 /* Resources */ = {
			isa = PBXResourcesBuildPhase;
			buildActionMask = 2147483647;
			files = (
				192546CC2CA3F3B5002FB402 /* Preview Assets.xcassets in Resources */,
				192546EF2CA3F9F3002FB402 /* GoogleService-Info.plist in Resources */,
				192546C92CA3F3B5002FB402 /* Assets.xcassets in Resources */,
			);
			runOnlyForDeploymentPostprocessing = 0;
		};
		192546CF2CA3F3B5002FB402 /* Resources */ = {
			isa = PBXResourcesBuildPhase;
			buildActionMask = 2147483647;
			files = (
			);
			runOnlyForDeploymentPostprocessing = 0;
		};
		192546D92CA3F3B5002FB402 /* Resources */ = {
			isa = PBXResourcesBuildPhase;
			buildActionMask = 2147483647;
			files = (
			);
			runOnlyForDeploymentPostprocessing = 0;
		};
/* End PBXResourcesBuildPhase section */

/* Begin PBXShellScriptBuildPhase section */
		1991A2AFF1F3AA83545A3BEB /* [CP] Embed Pods Frameworks */ = {
			isa = PBXShellScriptBuildPhase;
			buildActionMask = 2147483647;
			files = (
			);
			inputFileListPaths = (
				"${PODS_ROOT}/Target Support Files/Pods-Google-ios-login-Google-ios-loginUITests/Pods-Google-ios-login-Google-ios-loginUITests-frameworks-${CONFIGURATION}-input-files.xcfilelist",
			);
			name = "[CP] Embed Pods Frameworks";
			outputFileListPaths = (
				"${PODS_ROOT}/Target Support Files/Pods-Google-ios-login-Google-ios-loginUITests/Pods-Google-ios-login-Google-ios-loginUITests-frameworks-${CONFIGURATION}-output-files.xcfilelist",
			);
			runOnlyForDeploymentPostprocessing = 0;
			shellPath = /bin/sh;
			shellScript = "\"${PODS_ROOT}/Target Support Files/Pods-Google-ios-login-Google-ios-loginUITests/Pods-Google-ios-login-Google-ios-loginUITests-frameworks.sh\"\n";
			showEnvVarsInLog = 0;
		};
		723D64076369692D6E77FF45 /* [CP] Embed Pods Frameworks */ = {
			isa = PBXShellScriptBuildPhase;
			buildActionMask = 2147483647;
			files = (
			);
			inputFileListPaths = (
				"${PODS_ROOT}/Target Support Files/Pods-Google-ios-login/Pods-Google-ios-login-frameworks-${CONFIGURATION}-input-files.xcfilelist",
			);
			name = "[CP] Embed Pods Frameworks";
			outputFileListPaths = (
				"${PODS_ROOT}/Target Support Files/Pods-Google-ios-login/Pods-Google-ios-login-frameworks-${CONFIGURATION}-output-files.xcfilelist",
			);
			runOnlyForDeploymentPostprocessing = 0;
			shellPath = /bin/sh;
			shellScript = "\"${PODS_ROOT}/Target Support Files/Pods-Google-ios-login/Pods-Google-ios-login-frameworks.sh\"\n";
			showEnvVarsInLog = 0;
		};
		8F47A42CA3B3BC64DE737632 /* [CP] Check Pods Manifest.lock */ = {
			isa = PBXShellScriptBuildPhase;
			buildActionMask = 2147483647;
			files = (
			);
			inputFileListPaths = (
			);
			inputPaths = (
				"${PODS_PODFILE_DIR_PATH}/Podfile.lock",
				"${PODS_ROOT}/Manifest.lock",
			);
			name = "[CP] Check Pods Manifest.lock";
			outputFileListPaths = (
			);
			outputPaths = (
				"$(DERIVED_FILE_DIR)/Pods-Google-ios-login-checkManifestLockResult.txt",
			);
			runOnlyForDeploymentPostprocessing = 0;
			shellPath = /bin/sh;
			shellScript = "diff \"${PODS_PODFILE_DIR_PATH}/Podfile.lock\" \"${PODS_ROOT}/Manifest.lock\" > /dev/null\nif [ $? != 0 ] ; then\n    # print error to STDERR\n    echo \"error: The sandbox is not in sync with the Podfile.lock. Run 'pod install' or update your CocoaPods installation.\" >&2\n    exit 1\nfi\n# This output is used by Xcode 'outputs' to avoid re-running this script phase.\necho \"SUCCESS\" > \"${SCRIPT_OUTPUT_FILE_0}\"\n";
			showEnvVarsInLog = 0;
		};
		A080FEE3FD8C825F3F855A47 /* [CP] Check Pods Manifest.lock */ = {
			isa = PBXShellScriptBuildPhase;
			buildActionMask = 2147483647;
			files = (
			);
			inputFileListPaths = (
			);
			inputPaths = (
				"${PODS_PODFILE_DIR_PATH}/Podfile.lock",
				"${PODS_ROOT}/Manifest.lock",
			);
			name = "[CP] Check Pods Manifest.lock";
			outputFileListPaths = (
			);
			outputPaths = (
				"$(DERIVED_FILE_DIR)/Pods-Google-ios-loginTests-checkManifestLockResult.txt",
			);
			runOnlyForDeploymentPostprocessing = 0;
			shellPath = /bin/sh;
			shellScript = "diff \"${PODS_PODFILE_DIR_PATH}/Podfile.lock\" \"${PODS_ROOT}/Manifest.lock\" > /dev/null\nif [ $? != 0 ] ; then\n    # print error to STDERR\n    echo \"error: The sandbox is not in sync with the Podfile.lock. Run 'pod install' or update your CocoaPods installation.\" >&2\n    exit 1\nfi\n# This output is used by Xcode 'outputs' to avoid re-running this script phase.\necho \"SUCCESS\" > \"${SCRIPT_OUTPUT_FILE_0}\"\n";
			showEnvVarsInLog = 0;
		};
		FF192E492655FD5CFF0374AD /* [CP] Check Pods Manifest.lock */ = {
			isa = PBXShellScriptBuildPhase;
			buildActionMask = 2147483647;
			files = (
			);
			inputFileListPaths = (
			);
			inputPaths = (
				"${PODS_PODFILE_DIR_PATH}/Podfile.lock",
				"${PODS_ROOT}/Manifest.lock",
			);
			name = "[CP] Check Pods Manifest.lock";
			outputFileListPaths = (
			);
			outputPaths = (
				"$(DERIVED_FILE_DIR)/Pods-Google-ios-login-Google-ios-loginUITests-checkManifestLockResult.txt",
			);
			runOnlyForDeploymentPostprocessing = 0;
			shellPath = /bin/sh;
			shellScript = "diff \"${PODS_PODFILE_DIR_PATH}/Podfile.lock\" \"${PODS_ROOT}/Manifest.lock\" > /dev/null\nif [ $? != 0 ] ; then\n    # print error to STDERR\n    echo \"error: The sandbox is not in sync with the Podfile.lock. Run 'pod install' or update your CocoaPods installation.\" >&2\n    exit 1\nfi\n# This output is used by Xcode 'outputs' to avoid re-running this script phase.\necho \"SUCCESS\" > \"${SCRIPT_OUTPUT_FILE_0}\"\n";
			showEnvVarsInLog = 0;
		};
/* End PBXShellScriptBuildPhase section */

/* Begin PBXSourcesBuildPhase section */
		192546BD2CA3F3B4002FB402 /* Sources */ = {
			isa = PBXSourcesBuildPhase;
			buildActionMask = 2147483647;
			files = (
				192546C72CA3F3B4002FB402 /* ContentView.swift in Sources */,
				192546C52CA3F3B4002FB402 /* Google_ios_loginApp.swift in Sources */,
				192547002CA3FF7A002FB402 /* LoginView.swift in Sources */,
				192546FA2CA3FE08002FB402 /* MainTabView.swift in Sources */,
			);
			runOnlyForDeploymentPostprocessing = 0;
		};
		192546CD2CA3F3B5002FB402 /* Sources */ = {
			isa = PBXSourcesBuildPhase;
			buildActionMask = 2147483647;
			files = (
				192546D62CA3F3B5002FB402 /* Google_ios_loginTests.swift in Sources */,
			);
			runOnlyForDeploymentPostprocessing = 0;
		};
		192546D72CA3F3B5002FB402 /* Sources */ = {
			isa = PBXSourcesBuildPhase;
			buildActionMask = 2147483647;
			files = (
				192546E02CA3F3B5002FB402 /* Google_ios_loginUITests.swift in Sources */,
				192546E22CA3F3B5002FB402 /* Google_ios_loginUITestsLaunchTests.swift in Sources */,
			);
			runOnlyForDeploymentPostprocessing = 0;
		};
/* End PBXSourcesBuildPhase section */

/* Begin PBXTargetDependency section */
		192546D32CA3F3B5002FB402 /* PBXTargetDependency */ = {
			isa = PBXTargetDependency;
			target = 192546C02CA3F3B4002FB402 /* Google-ios-login */;
			targetProxy = 192546D22CA3F3B5002FB402 /* PBXContainerItemProxy */;
		};
		192546DD2CA3F3B5002FB402 /* PBXTargetDependency */ = {
			isa = PBXTargetDependency;
			target = 192546C02CA3F3B4002FB402 /* Google-ios-login */;
			targetProxy = 192546DC2CA3F3B5002FB402 /* PBXContainerItemProxy */;
		};
/* End PBXTargetDependency section */

/* Begin XCBuildConfiguration section */
		192546E32CA3F3B5002FB402 /* Debug */ = {
			isa = XCBuildConfiguration;
			buildSettings = {
				ALWAYS_SEARCH_USER_PATHS = NO;
				CLANG_ANALYZER_NONNULL = YES;
				CLANG_ANALYZER_NUMBER_OBJECT_CONVERSION = YES_AGGRESSIVE;
				CLANG_CXX_LANGUAGE_STANDARD = "gnu++20";
				CLANG_ENABLE_MODULES = YES;
				CLANG_ENABLE_OBJC_ARC = YES;
				CLANG_ENABLE_OBJC_WEAK = YES;
				CLANG_WARN_BLOCK_CAPTURE_AUTORELEASING = YES;
				CLANG_WARN_BOOL_CONVERSION = YES;
				CLANG_WARN_COMMA = YES;
				CLANG_WARN_CONSTANT_CONVERSION = YES;
				CLANG_WARN_DEPRECATED_OBJC_IMPLEMENTATIONS = YES;
				CLANG_WARN_DIRECT_OBJC_ISA_USAGE = YES_ERROR;
				CLANG_WARN_DOCUMENTATION_COMMENTS = YES;
				CLANG_WARN_EMPTY_BODY = YES;
				CLANG_WARN_ENUM_CONVERSION = YES;
				CLANG_WARN_INFINITE_RECURSION = YES;
				CLANG_WARN_INT_CONVERSION = YES;
				CLANG_WARN_NON_LITERAL_NULL_CONVERSION = YES;
				CLANG_WARN_OBJC_IMPLICIT_RETAIN_SELF = YES;
				CLANG_WARN_OBJC_LITERAL_CONVERSION = YES;
				CLANG_WARN_OBJC_ROOT_CLASS = YES_ERROR;
				CLANG_WARN_QUOTED_INCLUDE_IN_FRAMEWORK_HEADER = YES;
				CLANG_WARN_RANGE_LOOP_ANALYSIS = YES;
				CLANG_WARN_STRICT_PROTOTYPES = YES;
				CLANG_WARN_SUSPICIOUS_MOVE = YES;
				CLANG_WARN_UNGUARDED_AVAILABILITY = YES_AGGRESSIVE;
				CLANG_WARN_UNREACHABLE_CODE = YES;
				CLANG_WARN__DUPLICATE_METHOD_MATCH = YES;
				COPY_PHASE_STRIP = NO;
				DEBUG_INFORMATION_FORMAT = dwarf;
				ENABLE_STRICT_OBJC_MSGSEND = YES;
				ENABLE_TESTABILITY = YES;
				GCC_C_LANGUAGE_STANDARD = gnu11;
				GCC_DYNAMIC_NO_PIC = NO;
				GCC_NO_COMMON_BLOCKS = YES;
				GCC_OPTIMIZATION_LEVEL = 0;
				GCC_PREPROCESSOR_DEFINITIONS = (
					"DEBUG=1",
					"$(inherited)",
				);
				GCC_WARN_64_TO_32_BIT_CONVERSION = YES;
				GCC_WARN_ABOUT_RETURN_TYPE = YES_ERROR;
				GCC_WARN_UNDECLARED_SELECTOR = YES;
				GCC_WARN_UNINITIALIZED_AUTOS = YES_AGGRESSIVE;
				GCC_WARN_UNUSED_FUNCTION = YES;
				GCC_WARN_UNUSED_VARIABLE = YES;
				IPHONEOS_DEPLOYMENT_TARGET = 16.4;
				MTL_ENABLE_DEBUG_INFO = INCLUDE_SOURCE;
				MTL_FAST_MATH = YES;
				ONLY_ACTIVE_ARCH = YES;
				SDKROOT = iphoneos;
				SWIFT_ACTIVE_COMPILATION_CONDITIONS = DEBUG;
				SWIFT_OPTIMIZATION_LEVEL = "-Onone";
			};
			name = Debug;
		};
		192546E42CA3F3B5002FB402 /* Release */ = {
			isa = XCBuildConfiguration;
			buildSettings = {
				ALWAYS_SEARCH_USER_PATHS = NO;
				CLANG_ANALYZER_NONNULL = YES;
				CLANG_ANALYZER_NUMBER_OBJECT_CONVERSION = YES_AGGRESSIVE;
				CLANG_CXX_LANGUAGE_STANDARD = "gnu++20";
				CLANG_ENABLE_MODULES = YES;
				CLANG_ENABLE_OBJC_ARC = YES;
				CLANG_ENABLE_OBJC_WEAK = YES;
				CLANG_WARN_BLOCK_CAPTURE_AUTORELEASING = YES;
				CLANG_WARN_BOOL_CONVERSION = YES;
				CLANG_WARN_COMMA = YES;
				CLANG_WARN_CONSTANT_CONVERSION = YES;
				CLANG_WARN_DEPRECATED_OBJC_IMPLEMENTATIONS = YES;
				CLANG_WARN_DIRECT_OBJC_ISA_USAGE = YES_ERROR;
				CLANG_WARN_DOCUMENTATION_COMMENTS = YES;
				CLANG_WARN_EMPTY_BODY = YES;
				CLANG_WARN_ENUM_CONVERSION = YES;
				CLANG_WARN_INFINITE_RECURSION = YES;
				CLANG_WARN_INT_CONVERSION = YES;
				CLANG_WARN_NON_LITERAL_NULL_CONVERSION = YES;
				CLANG_WARN_OBJC_IMPLICIT_RETAIN_SELF = YES;
				CLANG_WARN_OBJC_LITERAL_CONVERSION = YES;
				CLANG_WARN_OBJC_ROOT_CLASS = YES_ERROR;
				CLANG_WARN_QUOTED_INCLUDE_IN_FRAMEWORK_HEADER = YES;
				CLANG_WARN_RANGE_LOOP_ANALYSIS = YES;
				CLANG_WARN_STRICT_PROTOTYPES = YES;
				CLANG_WARN_SUSPICIOUS_MOVE = YES;
				CLANG_WARN_UNGUARDED_AVAILABILITY = YES_AGGRESSIVE;
				CLANG_WARN_UNREACHABLE_CODE = YES;
				CLANG_WARN__DUPLICATE_METHOD_MATCH = YES;
				COPY_PHASE_STRIP = NO;
				DEBUG_INFORMATION_FORMAT = "dwarf-with-dsym";
				ENABLE_NS_ASSERTIONS = NO;
				ENABLE_STRICT_OBJC_MSGSEND = YES;
				GCC_C_LANGUAGE_STANDARD = gnu11;
				GCC_NO_COMMON_BLOCKS = YES;
				GCC_WARN_64_TO_32_BIT_CONVERSION = YES;
				GCC_WARN_ABOUT_RETURN_TYPE = YES_ERROR;
				GCC_WARN_UNDECLARED_SELECTOR = YES;
				GCC_WARN_UNINITIALIZED_AUTOS = YES_AGGRESSIVE;
				GCC_WARN_UNUSED_FUNCTION = YES;
				GCC_WARN_UNUSED_VARIABLE = YES;
				IPHONEOS_DEPLOYMENT_TARGET = 16.4;
				MTL_ENABLE_DEBUG_INFO = NO;
				MTL_FAST_MATH = YES;
				SDKROOT = iphoneos;
				SWIFT_COMPILATION_MODE = wholemodule;
				SWIFT_OPTIMIZATION_LEVEL = "-O";
				VALIDATE_PRODUCT = YES;
			};
			name = Release;
		};
		192546E62CA3F3B5002FB402 /* Debug */ = {
			isa = XCBuildConfiguration;
			baseConfigurationReference = D2E631E4738E4DE06B4458B9 /* Pods-Google-ios-login.debug.xcconfig */;
			buildSettings = {
				ASSETCATALOG_COMPILER_APPICON_NAME = AppIcon;
				ASSETCATALOG_COMPILER_GLOBAL_ACCENT_COLOR_NAME = AccentColor;
				CODE_SIGN_STYLE = Automatic;
				CURRENT_PROJECT_VERSION = 1;
				DEVELOPMENT_ASSET_PATHS = "\"Google-ios-login/Preview Content\"";
				ENABLE_PREVIEWS = YES;
				GENERATE_INFOPLIST_FILE = YES;
				INFOPLIST_KEY_UIApplicationSceneManifest_Generation = YES;
				INFOPLIST_KEY_UIApplicationSupportsIndirectInputEvents = YES;
				INFOPLIST_KEY_UILaunchScreen_Generation = YES;
				INFOPLIST_KEY_UISupportedInterfaceOrientations_iPad = "UIInterfaceOrientationPortrait UIInterfaceOrientationPortraitUpsideDown UIInterfaceOrientationLandscapeLeft UIInterfaceOrientationLandscapeRight";
				INFOPLIST_KEY_UISupportedInterfaceOrientations_iPhone = "UIInterfaceOrientationPortrait UIInterfaceOrientationLandscapeLeft UIInterfaceOrientationLandscapeRight";
				LD_RUNPATH_SEARCH_PATHS = (
					"$(inherited)",
					"@executable_path/Frameworks",
				);
				MARKETING_VERSION = 1.0;
				PRODUCT_BUNDLE_IDENTIFIER = "com.study.Google-ios-login";
				PRODUCT_NAME = "$(TARGET_NAME)";
				SWIFT_EMIT_LOC_STRINGS = YES;
				SWIFT_VERSION = 5.0;
				TARGETED_DEVICE_FAMILY = "1,2";
			};
			name = Debug;
		};
		192546E72CA3F3B5002FB402 /* Release */ = {
			isa = XCBuildConfiguration;
			baseConfigurationReference = 3FBBA96C03D6B5442848536D /* Pods-Google-ios-login.release.xcconfig */;
			buildSettings = {
				ASSETCATALOG_COMPILER_APPICON_NAME = AppIcon;
				ASSETCATALOG_COMPILER_GLOBAL_ACCENT_COLOR_NAME = AccentColor;
				CODE_SIGN_STYLE = Automatic;
				CURRENT_PROJECT_VERSION = 1;
				DEVELOPMENT_ASSET_PATHS = "\"Google-ios-login/Preview Content\"";
				ENABLE_PREVIEWS = YES;
				GENERATE_INFOPLIST_FILE = YES;
				INFOPLIST_KEY_UIApplicationSceneManifest_Generation = YES;
				INFOPLIST_KEY_UIApplicationSupportsIndirectInputEvents = YES;
				INFOPLIST_KEY_UILaunchScreen_Generation = YES;
				INFOPLIST_KEY_UISupportedInterfaceOrientations_iPad = "UIInterfaceOrientationPortrait UIInterfaceOrientationPortraitUpsideDown UIInterfaceOrientationLandscapeLeft UIInterfaceOrientationLandscapeRight";
				INFOPLIST_KEY_UISupportedInterfaceOrientations_iPhone = "UIInterfaceOrientationPortrait UIInterfaceOrientationLandscapeLeft UIInterfaceOrientationLandscapeRight";
				LD_RUNPATH_SEARCH_PATHS = (
					"$(inherited)",
					"@executable_path/Frameworks",
				);
				MARKETING_VERSION = 1.0;
				PRODUCT_BUNDLE_IDENTIFIER = "com.study.Google-ios-login";
				PRODUCT_NAME = "$(TARGET_NAME)";
				SWIFT_EMIT_LOC_STRINGS = YES;
				SWIFT_VERSION = 5.0;
				TARGETED_DEVICE_FAMILY = "1,2";
			};
			name = Release;
		};
		192546E92CA3F3B5002FB402 /* Debug */ = {
			isa = XCBuildConfiguration;
			baseConfigurationReference = 8A2D62B605082A2BF7E853E7 /* Pods-Google-ios-loginTests.debug.xcconfig */;
			buildSettings = {
				ALWAYS_EMBED_SWIFT_STANDARD_LIBRARIES = YES;
				BUNDLE_LOADER = "$(TEST_HOST)";
				CODE_SIGN_STYLE = Automatic;
				CURRENT_PROJECT_VERSION = 1;
				GENERATE_INFOPLIST_FILE = YES;
				IPHONEOS_DEPLOYMENT_TARGET = 16.4;
				MARKETING_VERSION = 1.0;
				PRODUCT_BUNDLE_IDENTIFIER = "com.study.Google-ios-loginTests";
				PRODUCT_NAME = "$(TARGET_NAME)";
				SWIFT_EMIT_LOC_STRINGS = NO;
				SWIFT_VERSION = 5.0;
				TARGETED_DEVICE_FAMILY = "1,2";
				TEST_HOST = "$(BUILT_PRODUCTS_DIR)/Google-ios-login.app/$(BUNDLE_EXECUTABLE_FOLDER_PATH)/Google-ios-login";
			};
			name = Debug;
		};
		192546EA2CA3F3B5002FB402 /* Release */ = {
			isa = XCBuildConfiguration;
			baseConfigurationReference = 36E38E4F8206177FEFB9E942 /* Pods-Google-ios-loginTests.release.xcconfig */;
			buildSettings = {
				ALWAYS_EMBED_SWIFT_STANDARD_LIBRARIES = YES;
				BUNDLE_LOADER = "$(TEST_HOST)";
				CODE_SIGN_STYLE = Automatic;
				CURRENT_PROJECT_VERSION = 1;
				GENERATE_INFOPLIST_FILE = YES;
				IPHONEOS_DEPLOYMENT_TARGET = 16.4;
				MARKETING_VERSION = 1.0;
				PRODUCT_BUNDLE_IDENTIFIER = "com.study.Google-ios-loginTests";
				PRODUCT_NAME = "$(TARGET_NAME)";
				SWIFT_EMIT_LOC_STRINGS = NO;
				SWIFT_VERSION = 5.0;
				TARGETED_DEVICE_FAMILY = "1,2";
				TEST_HOST = "$(BUILT_PRODUCTS_DIR)/Google-ios-login.app/$(BUNDLE_EXECUTABLE_FOLDER_PATH)/Google-ios-login";
			};
			name = Release;
		};
		192546EC2CA3F3B5002FB402 /* Debug */ = {
			isa = XCBuildConfiguration;
			baseConfigurationReference = FCA39AECD8FBD4B38441F11F /* Pods-Google-ios-login-Google-ios-loginUITests.debug.xcconfig */;
			buildSettings = {
				ALWAYS_EMBED_SWIFT_STANDARD_LIBRARIES = YES;
				CODE_SIGN_STYLE = Automatic;
				CURRENT_PROJECT_VERSION = 1;
				GENERATE_INFOPLIST_FILE = YES;
				MARKETING_VERSION = 1.0;
				PRODUCT_BUNDLE_IDENTIFIER = "com.study.Google-ios-loginUITests";
				PRODUCT_NAME = "$(TARGET_NAME)";
				SWIFT_EMIT_LOC_STRINGS = NO;
				SWIFT_VERSION = 5.0;
				TARGETED_DEVICE_FAMILY = "1,2";
				TEST_TARGET_NAME = "Google-ios-login";
			};
			name = Debug;
		};
		192546ED2CA3F3B5002FB402 /* Release */ = {
			isa = XCBuildConfiguration;
			baseConfigurationReference = 39CA10C90648640E46F23AE5 /* Pods-Google-ios-login-Google-ios-loginUITests.release.xcconfig */;
			buildSettings = {
				ALWAYS_EMBED_SWIFT_STANDARD_LIBRARIES = YES;
				CODE_SIGN_STYLE = Automatic;
				CURRENT_PROJECT_VERSION = 1;
				GENERATE_INFOPLIST_FILE = YES;
				MARKETING_VERSION = 1.0;
				PRODUCT_BUNDLE_IDENTIFIER = "com.study.Google-ios-loginUITests";
				PRODUCT_NAME = "$(TARGET_NAME)";
				SWIFT_EMIT_LOC_STRINGS = NO;
				SWIFT_VERSION = 5.0;
				TARGETED_DEVICE_FAMILY = "1,2";
				TEST_TARGET_NAME = "Google-ios-login";
			};
			name = Release;
		};
/* End XCBuildConfiguration section */

/* Begin XCConfigurationList section */
		192546BC2CA3F3B4002FB402 /* Build configuration list for PBXProject "Google-ios-login" */ = {
			isa = XCConfigurationList;
			buildConfigurations = (
				192546E32CA3F3B5002FB402 /* Debug */,
				192546E42CA3F3B5002FB402 /* Release */,
			);
			defaultConfigurationIsVisible = 0;
			defaultConfigurationName = Release;
		};
		192546E52CA3F3B5002FB402 /* Build configuration list for PBXNativeTarget "Google-ios-login" */ = {
			isa = XCConfigurationList;
			buildConfigurations = (
				192546E62CA3F3B5002FB402 /* Debug */,
				192546E72CA3F3B5002FB402 /* Release */,
			);
			defaultConfigurationIsVisible = 0;
			defaultConfigurationName = Release;
		};
		192546E82CA3F3B5002FB402 /* Build configuration list for PBXNativeTarget "Google-ios-loginTests" */ = {
			isa = XCConfigurationList;
			buildConfigurations = (
				192546E92CA3F3B5002FB402 /* Debug */,
				192546EA2CA3F3B5002FB402 /* Release */,
			);
			defaultConfigurationIsVisible = 0;
			defaultConfigurationName = Release;
		};
		192546EB2CA3F3B5002FB402 /* Build configuration list for PBXNativeTarget "Google-ios-loginUITests" */ = {
			isa = XCConfigurationList;
			buildConfigurations = (
				192546EC2CA3F3B5002FB402 /* Debug */,
				192546ED2CA3F3B5002FB402 /* Release */,
			);
			defaultConfigurationIsVisible = 0;
			defaultConfigurationName = Release;
		};
/* End XCConfigurationList section */

/* Begin XCRemoteSwiftPackageReference section */
		192546F02CA3FA8E002FB402 /* XCRemoteSwiftPackageReference "firebase-ios-sdk" */ = {
			isa = XCRemoteSwiftPackageReference;
			repositoryURL = "https://github.com/firebase/firebase-ios-sdk";
			requirement = {
				kind = upToNextMajorVersion;
				minimumVersion = 10.24.0;
			};
		};
/* End XCRemoteSwiftPackageReference section */

/* Begin XCSwiftPackageProductDependency section */
		192546F12CA3FA8E002FB402 /* FirebaseAuth */ = {
			isa = XCSwiftPackageProductDependency;
			package = 192546F02CA3FA8E002FB402 /* XCRemoteSwiftPackageReference "firebase-ios-sdk" */;
			productName = FirebaseAuth;
		};
		192546F32CA3FA8E002FB402 /* FirebaseFirestore */ = {
			isa = XCSwiftPackageProductDependency;
			package = 192546F02CA3FA8E002FB402 /* XCRemoteSwiftPackageReference "firebase-ios-sdk" */;
			productName = FirebaseFirestore;
		};
		192546F52CA3FA8E002FB402 /* FirebaseFirestoreSwift */ = {
			isa = XCSwiftPackageProductDependency;
			package = 192546F02CA3FA8E002FB402 /* XCRemoteSwiftPackageReference "firebase-ios-sdk" */;
			productName = FirebaseFirestoreSwift;
		};
		192546F72CA3FA8E002FB402 /* FirebaseStorage */ = {
			isa = XCSwiftPackageProductDependency;
			package = 192546F02CA3FA8E002FB402 /* XCRemoteSwiftPackageReference "firebase-ios-sdk" */;
			productName = FirebaseStorage;
		};
/* End XCSwiftPackageProductDependency section */
	};
	rootObject = 192546B92CA3F3B4002FB402 /* Project object */;
}
