// !$*UTF8*$!
{
	archiveVersion = 1;
	classes = {
	};
	objectVersion = 56;
	objects = {

/* Begin PBXBuildFile section */
		19CDF8292CA7F8C000C51334 /* MyApp_LoginApp.swift in Sources */ = {isa = PBXBuildFile; fileRef = 19CDF8282CA7F8C000C51334 /* MyApp_LoginApp.swift */; };
		19CDF82B2CA7F8C000C51334 /* ContentView.swift in Sources */ = {isa = PBXBuildFile; fileRef = 19CDF82A2CA7F8C000C51334 /* ContentView.swift */; };
		19CDF82D2CA7F8C100C51334 /* Assets.xcassets in Resources */ = {isa = PBXBuildFile; fileRef = 19CDF82C2CA7F8C100C51334 /* Assets.xcassets */; };
		19CDF8302CA7F8C100C51334 /* Preview Assets.xcassets in Resources */ = {isa = PBXBuildFile; fileRef = 19CDF82F2CA7F8C100C51334 /* Preview Assets.xcassets */; };
		19CDF83A2CA7F8C100C51334 /* MyApp_LoginTests.swift in Sources */ = {isa = PBXBuildFile; fileRef = 19CDF8392CA7F8C100C51334 /* MyApp_LoginTests.swift */; };
		19CDF8442CA7F8C100C51334 /* MyApp_LoginUITests.swift in Sources */ = {isa = PBXBuildFile; fileRef = 19CDF8432CA7F8C100C51334 /* MyApp_LoginUITests.swift */; };
		19CDF8462CA7F8C100C51334 /* MyApp_LoginUITestsLaunchTests.swift in Sources */ = {isa = PBXBuildFile; fileRef = 19CDF8452CA7F8C100C51334 /* MyApp_LoginUITestsLaunchTests.swift */; };
/* End PBXBuildFile section */

/* Begin PBXContainerItemProxy section */
		19CDF8362CA7F8C100C51334 /* PBXContainerItemProxy */ = {
			isa = PBXContainerItemProxy;
			containerPortal = 19CDF81D2CA7F8C000C51334 /* Project object */;
			proxyType = 1;
			remoteGlobalIDString = 19CDF8242CA7F8C000C51334;
			remoteInfo = MyApp_Login;
		};
		19CDF8402CA7F8C100C51334 /* PBXContainerItemProxy */ = {
			isa = PBXContainerItemProxy;
			containerPortal = 19CDF81D2CA7F8C000C51334 /* Project object */;
			proxyType = 1;
			remoteGlobalIDString = 19CDF8242CA7F8C000C51334;
			remoteInfo = MyApp_Login;
		};
/* End PBXContainerItemProxy section */

/* Begin PBXFileReference section */
		19CDF8252CA7F8C000C51334 /* MyApp_Login.app */ = {isa = PBXFileReference; explicitFileType = wrapper.application; includeInIndex = 0; path = MyApp_Login.app; sourceTree = BUILT_PRODUCTS_DIR; };
		19CDF8282CA7F8C000C51334 /* MyApp_LoginApp.swift */ = {isa = PBXFileReference; lastKnownFileType = sourcecode.swift; path = MyApp_LoginApp.swift; sourceTree = "<group>"; };
		19CDF82A2CA7F8C000C51334 /* ContentView.swift */ = {isa = PBXFileReference; lastKnownFileType = sourcecode.swift; path = ContentView.swift; sourceTree = "<group>"; };
		19CDF82C2CA7F8C100C51334 /* Assets.xcassets */ = {isa = PBXFileReference; lastKnownFileType = folder.assetcatalog; path = Assets.xcassets; sourceTree = "<group>"; };
		19CDF82F2CA7F8C100C51334 /* Preview Assets.xcassets */ = {isa = PBXFileReference; lastKnownFileType = folder.assetcatalog; path = "Preview Assets.xcassets"; sourceTree = "<group>"; };
		19CDF8352CA7F8C100C51334 /* MyApp_LoginTests.xctest */ = {isa = PBXFileReference; explicitFileType = wrapper.cfbundle; includeInIndex = 0; path = MyApp_LoginTests.xctest; sourceTree = BUILT_PRODUCTS_DIR; };
		19CDF8392CA7F8C100C51334 /* MyApp_LoginTests.swift */ = {isa = PBXFileReference; lastKnownFileType = sourcecode.swift; path = MyApp_LoginTests.swift; sourceTree = "<group>"; };
		19CDF83F2CA7F8C100C51334 /* MyApp_LoginUITests.xctest */ = {isa = PBXFileReference; explicitFileType = wrapper.cfbundle; includeInIndex = 0; path = MyApp_LoginUITests.xctest; sourceTree = BUILT_PRODUCTS_DIR; };
		19CDF8432CA7F8C100C51334 /* MyApp_LoginUITests.swift */ = {isa = PBXFileReference; lastKnownFileType = sourcecode.swift; path = MyApp_LoginUITests.swift; sourceTree = "<group>"; };
		19CDF8452CA7F8C100C51334 /* MyApp_LoginUITestsLaunchTests.swift */ = {isa = PBXFileReference; lastKnownFileType = sourcecode.swift; path = MyApp_LoginUITestsLaunchTests.swift; sourceTree = "<group>"; };
/* End PBXFileReference section */

/* Begin PBXFrameworksBuildPhase section */
		19CDF8222CA7F8C000C51334 /* Frameworks */ = {
			isa = PBXFrameworksBuildPhase;
			buildActionMask = 2147483647;
			files = (
			);
			runOnlyForDeploymentPostprocessing = 0;
		};
		19CDF8322CA7F8C100C51334 /* Frameworks */ = {
			isa = PBXFrameworksBuildPhase;
			buildActionMask = 2147483647;
			files = (
			);
			runOnlyForDeploymentPostprocessing = 0;
		};
		19CDF83C2CA7F8C100C51334 /* Frameworks */ = {
			isa = PBXFrameworksBuildPhase;
			buildActionMask = 2147483647;
			files = (
			);
			runOnlyForDeploymentPostprocessing = 0;
		};
/* End PBXFrameworksBuildPhase section */

/* Begin PBXGroup section */
		19CDF81C2CA7F8C000C51334 = {
			isa = PBXGroup;
			children = (
				19CDF8272CA7F8C000C51334 /* MyApp_Login */,
				19CDF8382CA7F8C100C51334 /* MyApp_LoginTests */,
				19CDF8422CA7F8C100C51334 /* MyApp_LoginUITests */,
				19CDF8262CA7F8C000C51334 /* Products */,
			);
			sourceTree = "<group>";
		};
		19CDF8262CA7F8C000C51334 /* Products */ = {
			isa = PBXGroup;
			children = (
				19CDF8252CA7F8C000C51334 /* MyApp_Login.app */,
				19CDF8352CA7F8C100C51334 /* MyApp_LoginTests.xctest */,
				19CDF83F2CA7F8C100C51334 /* MyApp_LoginUITests.xctest */,
			);
			name = Products;
			sourceTree = "<group>";
		};
		19CDF8272CA7F8C000C51334 /* MyApp_Login */ = {
			isa = PBXGroup;
			children = (
				19CDF8282CA7F8C000C51334 /* MyApp_LoginApp.swift */,
				19CDF82A2CA7F8C000C51334 /* ContentView.swift */,
				19CDF82C2CA7F8C100C51334 /* Assets.xcassets */,
				19CDF82E2CA7F8C100C51334 /* Preview Content */,
			);
			path = MyApp_Login;
			sourceTree = "<group>";
		};
		19CDF82E2CA7F8C100C51334 /* Preview Content */ = {
			isa = PBXGroup;
			children = (
				19CDF82F2CA7F8C100C51334 /* Preview Assets.xcassets */,
			);
			path = "Preview Content";
			sourceTree = "<group>";
		};
		19CDF8382CA7F8C100C51334 /* MyApp_LoginTests */ = {
			isa = PBXGroup;
			children = (
				19CDF8392CA7F8C100C51334 /* MyApp_LoginTests.swift */,
			);
			path = MyApp_LoginTests;
			sourceTree = "<group>";
		};
		19CDF8422CA7F8C100C51334 /* MyApp_LoginUITests */ = {
			isa = PBXGroup;
			children = (
				19CDF8432CA7F8C100C51334 /* MyApp_LoginUITests.swift */,
				19CDF8452CA7F8C100C51334 /* MyApp_LoginUITestsLaunchTests.swift */,
			);
			path = MyApp_LoginUITests;
			sourceTree = "<group>";
		};
/* End PBXGroup section */

/* Begin PBXNativeTarget section */
		19CDF8242CA7F8C000C51334 /* MyApp_Login */ = {
			isa = PBXNativeTarget;
			buildConfigurationList = 19CDF8492CA7F8C100C51334 /* Build configuration list for PBXNativeTarget "MyApp_Login" */;
			buildPhases = (
				19CDF8212CA7F8C000C51334 /* Sources */,
				19CDF8222CA7F8C000C51334 /* Frameworks */,
				19CDF8232CA7F8C000C51334 /* Resources */,
			);
			buildRules = (
			);
			dependencies = (
			);
			name = MyApp_Login;
			productName = MyApp_Login;
			productReference = 19CDF8252CA7F8C000C51334 /* MyApp_Login.app */;
			productType = "com.apple.product-type.application";
		};
		19CDF8342CA7F8C100C51334 /* MyApp_LoginTests */ = {
			isa = PBXNativeTarget;
			buildConfigurationList = 19CDF84C2CA7F8C100C51334 /* Build configuration list for PBXNativeTarget "MyApp_LoginTests" */;
			buildPhases = (
				19CDF8312CA7F8C100C51334 /* Sources */,
				19CDF8322CA7F8C100C51334 /* Frameworks */,
				19CDF8332CA7F8C100C51334 /* Resources */,
			);
			buildRules = (
			);
			dependencies = (
				19CDF8372CA7F8C100C51334 /* PBXTargetDependency */,
			);
			name = MyApp_LoginTests;
			productName = MyApp_LoginTests;
			productReference = 19CDF8352CA7F8C100C51334 /* MyApp_LoginTests.xctest */;
			productType = "com.apple.product-type.bundle.unit-test";
		};
		19CDF83E2CA7F8C100C51334 /* MyApp_LoginUITests */ = {
			isa = PBXNativeTarget;
			buildConfigurationList = 19CDF84F2CA7F8C100C51334 /* Build configuration list for PBXNativeTarget "MyApp_LoginUITests" */;
			buildPhases = (
				19CDF83B2CA7F8C100C51334 /* Sources */,
				19CDF83C2CA7F8C100C51334 /* Frameworks */,
				19CDF83D2CA7F8C100C51334 /* Resources */,
			);
			buildRules = (
			);
			dependencies = (
				19CDF8412CA7F8C100C51334 /* PBXTargetDependency */,
			);
			name = MyApp_LoginUITests;
			productName = MyApp_LoginUITests;
			productReference = 19CDF83F2CA7F8C100C51334 /* MyApp_LoginUITests.xctest */;
			productType = "com.apple.product-type.bundle.ui-testing";
		};
/* End PBXNativeTarget section */

/* Begin PBXProject section */
		19CDF81D2CA7F8C000C51334 /* Project object */ = {
			isa = PBXProject;
			attributes = {
				BuildIndependentTargetsInParallel = 1;
				LastSwiftUpdateCheck = 1430;
				LastUpgradeCheck = 1430;
				TargetAttributes = {
					19CDF8242CA7F8C000C51334 = {
						CreatedOnToolsVersion = 14.3.1;
					};
					19CDF8342CA7F8C100C51334 = {
						CreatedOnToolsVersion = 14.3.1;
						TestTargetID = 19CDF8242CA7F8C000C51334;
					};
					19CDF83E2CA7F8C100C51334 = {
						CreatedOnToolsVersion = 14.3.1;
						TestTargetID = 19CDF8242CA7F8C000C51334;
					};
				};
			};
			buildConfigurationList = 19CDF8202CA7F8C000C51334 /* Build configuration list for PBXProject "MyApp_Login" */;
			compatibilityVersion = "Xcode 14.0";
			developmentRegion = en;
			hasScannedForEncodings = 0;
			knownRegions = (
				en,
				Base,
			);
			mainGroup = 19CDF81C2CA7F8C000C51334;
			productRefGroup = 19CDF8262CA7F8C000C51334 /* Products */;
			projectDirPath = "";
			projectRoot = "";
			targets = (
				19CDF8242CA7F8C000C51334 /* MyApp_Login */,
				19CDF8342CA7F8C100C51334 /* MyApp_LoginTests */,
				19CDF83E2CA7F8C100C51334 /* MyApp_LoginUITests */,
			);
		};
/* End PBXProject section */

/* Begin PBXResourcesBuildPhase section */
		19CDF8232CA7F8C000C51334 /* Resources */ = {
			isa = PBXResourcesBuildPhase;
			buildActionMask = 2147483647;
			files = (
				19CDF8302CA7F8C100C51334 /* Preview Assets.xcassets in Resources */,
				19CDF82D2CA7F8C100C51334 /* Assets.xcassets in Resources */,
			);
			runOnlyForDeploymentPostprocessing = 0;
		};
		19CDF8332CA7F8C100C51334 /* Resources */ = {
			isa = PBXResourcesBuildPhase;
			buildActionMask = 2147483647;
			files = (
			);
			runOnlyForDeploymentPostprocessing = 0;
		};
		19CDF83D2CA7F8C100C51334 /* Resources */ = {
			isa = PBXResourcesBuildPhase;
			buildActionMask = 2147483647;
			files = (
			);
			runOnlyForDeploymentPostprocessing = 0;
		};
/* End PBXResourcesBuildPhase section */

/* Begin PBXSourcesBuildPhase section */
		19CDF8212CA7F8C000C51334 /* Sources */ = {
			isa = PBXSourcesBuildPhase;
			buildActionMask = 2147483647;
			files = (
				19CDF82B2CA7F8C000C51334 /* ContentView.swift in Sources */,
				19CDF8292CA7F8C000C51334 /* MyApp_LoginApp.swift in Sources */,
			);
			runOnlyForDeploymentPostprocessing = 0;
		};
		19CDF8312CA7F8C100C51334 /* Sources */ = {
			isa = PBXSourcesBuildPhase;
			buildActionMask = 2147483647;
			files = (
				19CDF83A2CA7F8C100C51334 /* MyApp_LoginTests.swift in Sources */,
			);
			runOnlyForDeploymentPostprocessing = 0;
		};
		19CDF83B2CA7F8C100C51334 /* Sources */ = {
			isa = PBXSourcesBuildPhase;
			buildActionMask = 2147483647;
			files = (
				19CDF8462CA7F8C100C51334 /* MyApp_LoginUITestsLaunchTests.swift in Sources */,
				19CDF8442CA7F8C100C51334 /* MyApp_LoginUITests.swift in Sources */,
			);
			runOnlyForDeploymentPostprocessing = 0;
		};
/* End PBXSourcesBuildPhase section */

/* Begin PBXTargetDependency section */
		19CDF8372CA7F8C100C51334 /* PBXTargetDependency */ = {
			isa = PBXTargetDependency;
			target = 19CDF8242CA7F8C000C51334 /* MyApp_Login */;
			targetProxy = 19CDF8362CA7F8C100C51334 /* PBXContainerItemProxy */;
		};
		19CDF8412CA7F8C100C51334 /* PBXTargetDependency */ = {
			isa = PBXTargetDependency;
			target = 19CDF8242CA7F8C000C51334 /* MyApp_Login */;
			targetProxy = 19CDF8402CA7F8C100C51334 /* PBXContainerItemProxy */;
		};
/* End PBXTargetDependency section */

/* Begin XCBuildConfiguration section */
		19CDF8472CA7F8C100C51334 /* Debug */ = {
			isa = XCBuildConfiguration;
			buildSettings = {
				ALWAYS_SEARCH_USER_PATHS = NO;
				CLANG_ANALYZER_NONNULL = YES;
				CLANG_ANALYZER_NUMBER_OBJECT_CONVERSION = YES_AGGRESSIVE;
				CLANG_CXX_LANGUAGE_STANDARD = "gnu++20";
				CLANG_ENABLE_MODULES = YES;
				CLANG_ENABLE_OBJC_ARC = YES;
				CLANG_ENABLE_OBJC_WEAK = YES;
				CLANG_WARN_BLOCK_CAPTURE_AUTORELEASING = YES;
				CLANG_WARN_BOOL_CONVERSION = YES;
				CLANG_WARN_COMMA = YES;
				CLANG_WARN_CONSTANT_CONVERSION = YES;
				CLANG_WARN_DEPRECATED_OBJC_IMPLEMENTATIONS = YES;
				CLANG_WARN_DIRECT_OBJC_ISA_USAGE = YES_ERROR;
				CLANG_WARN_DOCUMENTATION_COMMENTS = YES;
				CLANG_WARN_EMPTY_BODY = YES;
				CLANG_WARN_ENUM_CONVERSION = YES;
				CLANG_WARN_INFINITE_RECURSION = YES;
				CLANG_WARN_INT_CONVERSION = YES;
				CLANG_WARN_NON_LITERAL_NULL_CONVERSION = YES;
				CLANG_WARN_OBJC_IMPLICIT_RETAIN_SELF = YES;
				CLANG_WARN_OBJC_LITERAL_CONVERSION = YES;
				CLANG_WARN_OBJC_ROOT_CLASS = YES_ERROR;
				CLANG_WARN_QUOTED_INCLUDE_IN_FRAMEWORK_HEADER = YES;
				CLANG_WARN_RANGE_LOOP_ANALYSIS = YES;
				CLANG_WARN_STRICT_PROTOTYPES = YES;
				CLANG_WARN_SUSPICIOUS_MOVE = YES;
				CLANG_WARN_UNGUARDED_AVAILABILITY = YES_AGGRESSIVE;
				CLANG_WARN_UNREACHABLE_CODE = YES;
				CLANG_WARN__DUPLICATE_METHOD_MATCH = YES;
				COPY_PHASE_STRIP = NO;
				DEBUG_INFORMATION_FORMAT = dwarf;
				ENABLE_STRICT_OBJC_MSGSEND = YES;
				ENABLE_TESTABILITY = YES;
				GCC_C_LANGUAGE_STANDARD = gnu11;
				GCC_DYNAMIC_NO_PIC = NO;
				GCC_NO_COMMON_BLOCKS = YES;
				GCC_OPTIMIZATION_LEVEL = 0;
				GCC_PREPROCESSOR_DEFINITIONS = (
					"DEBUG=1",
					"$(inherited)",
				);
				GCC_WARN_64_TO_32_BIT_CONVERSION = YES;
				GCC_WARN_ABOUT_RETURN_TYPE = YES_ERROR;
				GCC_WARN_UNDECLARED_SELECTOR = YES;
				GCC_WARN_UNINITIALIZED_AUTOS = YES_AGGRESSIVE;
				GCC_WARN_UNUSED_FUNCTION = YES;
				GCC_WARN_UNUSED_VARIABLE = YES;
				IPHONEOS_DEPLOYMENT_TARGET = 16.4;
				MTL_ENABLE_DEBUG_INFO = INCLUDE_SOURCE;
				MTL_FAST_MATH = YES;
				ONLY_ACTIVE_ARCH = YES;
				SDKROOT = iphoneos;
				SWIFT_ACTIVE_COMPILATION_CONDITIONS = DEBUG;
				SWIFT_OPTIMIZATION_LEVEL = "-Onone";
			};
			name = Debug;
		};
		19CDF8482CA7F8C100C51334 /* Release */ = {
			isa = XCBuildConfiguration;
			buildSettings = {
				ALWAYS_SEARCH_USER_PATHS = NO;
				CLANG_ANALYZER_NONNULL = YES;
				CLANG_ANALYZER_NUMBER_OBJECT_CONVERSION = YES_AGGRESSIVE;
				CLANG_CXX_LANGUAGE_STANDARD = "gnu++20";
				CLANG_ENABLE_MODULES = YES;
				CLANG_ENABLE_OBJC_ARC = YES;
				CLANG_ENABLE_OBJC_WEAK = YES;
				CLANG_WARN_BLOCK_CAPTURE_AUTORELEASING = YES;
				CLANG_WARN_BOOL_CONVERSION = YES;
				CLANG_WARN_COMMA = YES;
				CLANG_WARN_CONSTANT_CONVERSION = YES;
				CLANG_WARN_DEPRECATED_OBJC_IMPLEMENTATIONS = YES;
				CLANG_WARN_DIRECT_OBJC_ISA_USAGE = YES_ERROR;
				CLANG_WARN_DOCUMENTATION_COMMENTS = YES;
				CLANG_WARN_EMPTY_BODY = YES;
				CLANG_WARN_ENUM_CONVERSION = YES;
				CLANG_WARN_INFINITE_RECURSION = YES;
				CLANG_WARN_INT_CONVERSION = YES;
				CLANG_WARN_NON_LITERAL_NULL_CONVERSION = YES;
				CLANG_WARN_OBJC_IMPLICIT_RETAIN_SELF = YES;
				CLANG_WARN_OBJC_LITERAL_CONVERSION = YES;
				CLANG_WARN_OBJC_ROOT_CLASS = YES_ERROR;
				CLANG_WARN_QUOTED_INCLUDE_IN_FRAMEWORK_HEADER = YES;
				CLANG_WARN_RANGE_LOOP_ANALYSIS = YES;
				CLANG_WARN_STRICT_PROTOTYPES = YES;
				CLANG_WARN_SUSPICIOUS_MOVE = YES;
				CLANG_WARN_UNGUARDED_AVAILABILITY = YES_AGGRESSIVE;
				CLANG_WARN_UNREACHABLE_CODE = YES;
				CLANG_WARN__DUPLICATE_METHOD_MATCH = YES;
				COPY_PHASE_STRIP = NO;
				DEBUG_INFORMATION_FORMAT = "dwarf-with-dsym";
				ENABLE_NS_ASSERTIONS = NO;
				ENABLE_STRICT_OBJC_MSGSEND = YES;
				GCC_C_LANGUAGE_STANDARD = gnu11;
				GCC_NO_COMMON_BLOCKS = YES;
				GCC_WARN_64_TO_32_BIT_CONVERSION = YES;
				GCC_WARN_ABOUT_RETURN_TYPE = YES_ERROR;
				GCC_WARN_UNDECLARED_SELECTOR = YES;
				GCC_WARN_UNINITIALIZED_AUTOS = YES_AGGRESSIVE;
				GCC_WARN_UNUSED_FUNCTION = YES;
				GCC_WARN_UNUSED_VARIABLE = YES;
				IPHONEOS_DEPLOYMENT_TARGET = 16.4;
				MTL_ENABLE_DEBUG_INFO = NO;
				MTL_FAST_MATH = YES;
				SDKROOT = iphoneos;
				SWIFT_COMPILATION_MODE = wholemodule;
				SWIFT_OPTIMIZATION_LEVEL = "-O";
				VALIDATE_PRODUCT = YES;
			};
			name = Release;
		};
		19CDF84A2CA7F8C100C51334 /* Debug */ = {
			isa = XCBuildConfiguration;
			buildSettings = {
				ASSETCATALOG_COMPILER_APPICON_NAME = AppIcon;
				ASSETCATALOG_COMPILER_GLOBAL_ACCENT_COLOR_NAME = AccentColor;
				CODE_SIGN_STYLE = Automatic;
				CURRENT_PROJECT_VERSION = 1;
				DEVELOPMENT_ASSET_PATHS = "\"MyApp_Login/Preview Content\"";
				ENABLE_PREVIEWS = YES;
				GENERATE_INFOPLIST_FILE = YES;
				INFOPLIST_KEY_UIApplicationSceneManifest_Generation = YES;
				INFOPLIST_KEY_UIApplicationSupportsIndirectInputEvents = YES;
				INFOPLIST_KEY_UILaunchScreen_Generation = YES;
				INFOPLIST_KEY_UISupportedInterfaceOrientations_iPad = "UIInterfaceOrientationPortrait UIInterfaceOrientationPortraitUpsideDown UIInterfaceOrientationLandscapeLeft UIInterfaceOrientationLandscapeRight";
				INFOPLIST_KEY_UISupportedInterfaceOrientations_iPhone = "UIInterfaceOrientationPortrait UIInterfaceOrientationLandscapeLeft UIInterfaceOrientationLandscapeRight";
				LD_RUNPATH_SEARCH_PATHS = (
					"$(inherited)",
					"@executable_path/Frameworks",
				);
				MARKETING_VERSION = 1.0;
				PRODUCT_BUNDLE_IDENTIFIER = "com.study.MyApp-Login";
				PRODUCT_NAME = "$(TARGET_NAME)";
				SWIFT_EMIT_LOC_STRINGS = YES;
				SWIFT_VERSION = 5.0;
				TARGETED_DEVICE_FAMILY = "1,2";
			};
			name = Debug;
		};
		19CDF84B2CA7F8C100C51334 /* Release */ = {
			isa = XCBuildConfiguration;
			buildSettings = {
				ASSETCATALOG_COMPILER_APPICON_NAME = AppIcon;
				ASSETCATALOG_COMPILER_GLOBAL_ACCENT_COLOR_NAME = AccentColor;
				CODE_SIGN_STYLE = Automatic;
				CURRENT_PROJECT_VERSION = 1;
				DEVELOPMENT_ASSET_PATHS = "\"MyApp_Login/Preview Content\"";
				ENABLE_PREVIEWS = YES;
				GENERATE_INFOPLIST_FILE = YES;
				INFOPLIST_KEY_UIApplicationSceneManifest_Generation = YES;
				INFOPLIST_KEY_UIApplicationSupportsIndirectInputEvents = YES;
				INFOPLIST_KEY_UILaunchScreen_Generation = YES;
				INFOPLIST_KEY_UISupportedInterfaceOrientations_iPad = "UIInterfaceOrientationPortrait UIInterfaceOrientationPortraitUpsideDown UIInterfaceOrientationLandscapeLeft UIInterfaceOrientationLandscapeRight";
				INFOPLIST_KEY_UISupportedInterfaceOrientations_iPhone = "UIInterfaceOrientationPortrait UIInterfaceOrientationLandscapeLeft UIInterfaceOrientationLandscapeRight";
				LD_RUNPATH_SEARCH_PATHS = (
					"$(inherited)",
					"@executable_path/Frameworks",
				);
				MARKETING_VERSION = 1.0;
				PRODUCT_BUNDLE_IDENTIFIER = "com.study.MyApp-Login";
				PRODUCT_NAME = "$(TARGET_NAME)";
				SWIFT_EMIT_LOC_STRINGS = YES;
				SWIFT_VERSION = 5.0;
				TARGETED_DEVICE_FAMILY = "1,2";
			};
			name = Release;
		};
		19CDF84D2CA7F8C100C51334 /* Debug */ = {
			isa = XCBuildConfiguration;
			buildSettings = {
				ALWAYS_EMBED_SWIFT_STANDARD_LIBRARIES = YES;
				BUNDLE_LOADER = "$(TEST_HOST)";
				CODE_SIGN_STYLE = Automatic;
				CURRENT_PROJECT_VERSION = 1;
				GENERATE_INFOPLIST_FILE = YES;
				IPHONEOS_DEPLOYMENT_TARGET = 16.4;
				MARKETING_VERSION = 1.0;
				PRODUCT_BUNDLE_IDENTIFIER = "com.study.MyApp-LoginTests";
				PRODUCT_NAME = "$(TARGET_NAME)";
				SWIFT_EMIT_LOC_STRINGS = NO;
				SWIFT_VERSION = 5.0;
				TARGETED_DEVICE_FAMILY = "1,2";
				TEST_HOST = "$(BUILT_PRODUCTS_DIR)/MyApp_Login.app/$(BUNDLE_EXECUTABLE_FOLDER_PATH)/MyApp_Login";
			};
			name = Debug;
		};
		19CDF84E2CA7F8C100C51334 /* Release */ = {
			isa = XCBuildConfiguration;
			buildSettings = {
				ALWAYS_EMBED_SWIFT_STANDARD_LIBRARIES = YES;
				BUNDLE_LOADER = "$(TEST_HOST)";
				CODE_SIGN_STYLE = Automatic;
				CURRENT_PROJECT_VERSION = 1;
				GENERATE_INFOPLIST_FILE = YES;
				IPHONEOS_DEPLOYMENT_TARGET = 16.4;
				MARKETING_VERSION = 1.0;
				PRODUCT_BUNDLE_IDENTIFIER = "com.study.MyApp-LoginTests";
				PRODUCT_NAME = "$(TARGET_NAME)";
				SWIFT_EMIT_LOC_STRINGS = NO;
				SWIFT_VERSION = 5.0;
				TARGETED_DEVICE_FAMILY = "1,2";
				TEST_HOST = "$(BUILT_PRODUCTS_DIR)/MyApp_Login.app/$(BUNDLE_EXECUTABLE_FOLDER_PATH)/MyApp_Login";
			};
			name = Release;
		};
		19CDF8502CA7F8C100C51334 /* Debug */ = {
			isa = XCBuildConfiguration;
			buildSettings = {
				ALWAYS_EMBED_SWIFT_STANDARD_LIBRARIES = YES;
				CODE_SIGN_STYLE = Automatic;
				CURRENT_PROJECT_VERSION = 1;
				GENERATE_INFOPLIST_FILE = YES;
				MARKETING_VERSION = 1.0;
				PRODUCT_BUNDLE_IDENTIFIER = "com.study.MyApp-LoginUITests";
				PRODUCT_NAME = "$(TARGET_NAME)";
				SWIFT_EMIT_LOC_STRINGS = NO;
				SWIFT_VERSION = 5.0;
				TARGETED_DEVICE_FAMILY = "1,2";
				TEST_TARGET_NAME = MyApp_Login;
			};
			name = Debug;
		};
		19CDF8512CA7F8C100C51334 /* Release */ = {
			isa = XCBuildConfiguration;
			buildSettings = {
				ALWAYS_EMBED_SWIFT_STANDARD_LIBRARIES = YES;
				CODE_SIGN_STYLE = Automatic;
				CURRENT_PROJECT_VERSION = 1;
				GENERATE_INFOPLIST_FILE = YES;
				MARKETING_VERSION = 1.0;
				PRODUCT_BUNDLE_IDENTIFIER = "com.study.MyApp-LoginUITests";
				PRODUCT_NAME = "$(TARGET_NAME)";
				SWIFT_EMIT_LOC_STRINGS = NO;
				SWIFT_VERSION = 5.0;
				TARGETED_DEVICE_FAMILY = "1,2";
				TEST_TARGET_NAME = MyApp_Login;
			};
			name = Release;
		};
/* End XCBuildConfiguration section */

/* Begin XCConfigurationList section */
		19CDF8202CA7F8C000C51334 /* Build configuration list for PBXProject "MyApp_Login" */ = {
			isa = XCConfigurationList;
			buildConfigurations = (
				19CDF8472CA7F8C100C51334 /* Debug */,
				19CDF8482CA7F8C100C51334 /* Release */,
			);
			defaultConfigurationIsVisible = 0;
			defaultConfigurationName = Release;
		};
		19CDF8492CA7F8C100C51334 /* Build configuration list for PBXNativeTarget "MyApp_Login" */ = {
			isa = XCConfigurationList;
			buildConfigurations = (
				19CDF84A2CA7F8C100C51334 /* Debug */,
				19CDF84B2CA7F8C100C51334 /* Release */,
			);
			defaultConfigurationIsVisible = 0;
			defaultConfigurationName = Release;
		};
		19CDF84C2CA7F8C100C51334 /* Build configuration list for PBXNativeTarget "MyApp_LoginTests" */ = {
			isa = XCConfigurationList;
			buildConfigurations = (
				19CDF84D2CA7F8C100C51334 /* Debug */,
				19CDF84E2CA7F8C100C51334 /* Release */,
			);
			defaultConfigurationIsVisible = 0;
			defaultConfigurationName = Release;
		};
		19CDF84F2CA7F8C100C51334 /* Build configuration list for PBXNativeTarget "MyApp_LoginUITests" */ = {
			isa = XCConfigurationList;
			buildConfigurations = (
				19CDF8502CA7F8C100C51334 /* Debug */,
				19CDF8512CA7F8C100C51334 /* Release */,
			);
			defaultConfigurationIsVisible = 0;
			defaultConfigurationName = Release;
		};
/* End XCConfigurationList section */
	};
	rootObject = 19CDF81D2CA7F8C000C51334 /* Project object */;
}
