// !$*UTF8*$!
{
	archiveVersion = 1;
	classes = {
	};
	objectVersion = 56;
	objects = {

/* Begin PBXBuildFile section */
		19CDF85F2CA7FB3C00C51334 /* MyAppLoginApp.swift in Sources */ = {isa = PBXBuildFile; fileRef = 19CDF85E2CA7FB3C00C51334 /* MyAppLoginApp.swift */; };
		19CDF8612CA7FB3C00C51334 /* ContentView.swift in Sources */ = {isa = PBXBuildFile; fileRef = 19CDF8602CA7FB3C00C51334 /* ContentView.swift */; };
		19CDF8632CA7FB3C00C51334 /* Assets.xcassets in Resources */ = {isa = PBXBuildFile; fileRef = 19CDF8622CA7FB3C00C51334 /* Assets.xcassets */; };
		19CDF8662CA7FB3C00C51334 /* Preview Assets.xcassets in Resources */ = {isa = PBXBuildFile; fileRef = 19CDF8652CA7FB3C00C51334 /* Preview Assets.xcassets */; };
		19CDF8702CA7FB3D00C51334 /* MyAppLoginTests.swift in Sources */ = {isa = PBXBuildFile; fileRef = 19CDF86F2CA7FB3D00C51334 /* MyAppLoginTests.swift */; };
		19CDF87A2CA7FB3D00C51334 /* MyAppLoginUITests.swift in Sources */ = {isa = PBXBuildFile; fileRef = 19CDF8792CA7FB3D00C51334 /* MyAppLoginUITests.swift */; };
		19CDF87C2CA7FB3D00C51334 /* MyAppLoginUITestsLaunchTests.swift in Sources */ = {isa = PBXBuildFile; fileRef = 19CDF87B2CA7FB3D00C51334 /* MyAppLoginUITestsLaunchTests.swift */; };
		19CDF88C2CA7FDF300C51334 /* FirebaseAuth in Frameworks */ = {isa = PBXBuildFile; productRef = 19CDF88B2CA7FDF300C51334 /* FirebaseAuth */; };
		19CDF88E2CA7FDF300C51334 /* FirebaseFirestore in Frameworks */ = {isa = PBXBuildFile; productRef = 19CDF88D2CA7FDF300C51334 /* FirebaseFirestore */; };
		19CDF8902CA7FDF300C51334 /* FirebaseFirestoreSwift in Frameworks */ = {isa = PBXBuildFile; productRef = 19CDF88F2CA7FDF300C51334 /* FirebaseFirestoreSwift */; };
		19CDF8922CA7FDF300C51334 /* FirebaseStorage in Frameworks */ = {isa = PBXBuildFile; productRef = 19CDF8912CA7FDF300C51334 /* FirebaseStorage */; };
		19CDF8942CA803AB00C51334 /* GoogleService-Info.plist in Resources */ = {isa = PBXBuildFile; fileRef = 19CDF8932CA803AB00C51334 /* GoogleService-Info.plist */; };
		490AA89DC89C29EA46819450 /* Pods_MyAppLoginTests.framework in Frameworks */ = {isa = PBXBuildFile; fileRef = 14534271BD2542C4B1332658 /* Pods_MyAppLoginTests.framework */; };
		8477C8AA1BDCA33FE9182A1C /* Pods_MyAppLogin.framework in Frameworks */ = {isa = PBXBuildFile; fileRef = 408C285BF44A01BA6637D165 /* Pods_MyAppLogin.framework */; };
		96453B288070F52716A8ADD5 /* Pods_MyAppLogin_MyAppLoginUITests.framework in Frameworks */ = {isa = PBXBuildFile; fileRef = 5CB6309EAB13D957C5C51A6F /* Pods_MyAppLogin_MyAppLoginUITests.framework */; };
/* End PBXBuildFile section */

/* Begin PBXContainerItemProxy section */
		19CDF86C2CA7FB3D00C51334 /* PBXContainerItemProxy */ = {
			isa = PBXContainerItemProxy;
			containerPortal = 19CDF8532CA7FB3C00C51334 /* Project object */;
			proxyType = 1;
			remoteGlobalIDString = 19CDF85A2CA7FB3C00C51334;
			remoteInfo = MyAppLogin;
		};
		19CDF8762CA7FB3D00C51334 /* PBXContainerItemProxy */ = {
			isa = PBXContainerItemProxy;
			containerPortal = 19CDF8532CA7FB3C00C51334 /* Project object */;
			proxyType = 1;
			remoteGlobalIDString = 19CDF85A2CA7FB3C00C51334;
			remoteInfo = MyAppLogin;
		};
/* End PBXContainerItemProxy section */

/* Begin PBXFileReference section */
		14534271BD2542C4B1332658 /* Pods_MyAppLoginTests.framework */ = {isa = PBXFileReference; explicitFileType = wrapper.framework; includeInIndex = 0; path = Pods_MyAppLoginTests.framework; sourceTree = BUILT_PRODUCTS_DIR; };
		19CDF85B2CA7FB3C00C51334 /* MyAppLogin.app */ = {isa = PBXFileReference; explicitFileType = wrapper.application; includeInIndex = 0; path = MyAppLogin.app; sourceTree = BUILT_PRODUCTS_DIR; };
		19CDF85E2CA7FB3C00C51334 /* MyAppLoginApp.swift */ = {isa = PBXFileReference; lastKnownFileType = sourcecode.swift; path = MyAppLoginApp.swift; sourceTree = "<group>"; };
		19CDF8602CA7FB3C00C51334 /* ContentView.swift */ = {isa = PBXFileReference; lastKnownFileType = sourcecode.swift; path = ContentView.swift; sourceTree = "<group>"; };
		19CDF8622CA7FB3C00C51334 /* Assets.xcassets */ = {isa = PBXFileReference; lastKnownFileType = folder.assetcatalog; path = Assets.xcassets; sourceTree = "<group>"; };
		19CDF8652CA7FB3C00C51334 /* Preview Assets.xcassets */ = {isa = PBXFileReference; lastKnownFileType = folder.assetcatalog; path = "Preview Assets.xcassets"; sourceTree = "<group>"; };
		19CDF86B2CA7FB3D00C51334 /* MyAppLoginTests.xctest */ = {isa = PBXFileReference; explicitFileType = wrapper.cfbundle; includeInIndex = 0; path = MyAppLoginTests.xctest; sourceTree = BUILT_PRODUCTS_DIR; };
		19CDF86F2CA7FB3D00C51334 /* MyAppLoginTests.swift */ = {isa = PBXFileReference; lastKnownFileType = sourcecode.swift; path = MyAppLoginTests.swift; sourceTree = "<group>"; };
		19CDF8752CA7FB3D00C51334 /* MyAppLoginUITests.xctest */ = {isa = PBXFileReference; explicitFileType = wrapper.cfbundle; includeInIndex = 0; path = MyAppLoginUITests.xctest; sourceTree = BUILT_PRODUCTS_DIR; };
		19CDF8792CA7FB3D00C51334 /* MyAppLoginUITests.swift */ = {isa = PBXFileReference; lastKnownFileType = sourcecode.swift; path = MyAppLoginUITests.swift; sourceTree = "<group>"; };
		19CDF87B2CA7FB3D00C51334 /* MyAppLoginUITestsLaunchTests.swift */ = {isa = PBXFileReference; lastKnownFileType = sourcecode.swift; path = MyAppLoginUITestsLaunchTests.swift; sourceTree = "<group>"; };
		19CDF8932CA803AB00C51334 /* GoogleService-Info.plist */ = {isa = PBXFileReference; fileEncoding = 4; lastKnownFileType = text.plist.xml; name = "GoogleService-Info.plist"; path = "../../../../Downloads/GoogleService-Info.plist"; sourceTree = "<group>"; };
		19CDF8952CA8060800C51334 /* Info.plist */ = {isa = PBXFileReference; lastKnownFileType = text.plist; path = Info.plist; sourceTree = "<group>"; };
		408C285BF44A01BA6637D165 /* Pods_MyAppLogin.framework */ = {isa = PBXFileReference; explicitFileType = wrapper.framework; includeInIndex = 0; path = Pods_MyAppLogin.framework; sourceTree = BUILT_PRODUCTS_DIR; };
		4606769ED20629FA496D274A /* Pods-MyAppLogin-MyAppLoginUITests.release.xcconfig */ = {isa = PBXFileReference; includeInIndex = 1; lastKnownFileType = text.xcconfig; name = "Pods-MyAppLogin-MyAppLoginUITests.release.xcconfig"; path = "Target Support Files/Pods-MyAppLogin-MyAppLoginUITests/Pods-MyAppLogin-MyAppLoginUITests.release.xcconfig"; sourceTree = "<group>"; };
		5CB6309EAB13D957C5C51A6F /* Pods_MyAppLogin_MyAppLoginUITests.framework */ = {isa = PBXFileReference; explicitFileType = wrapper.framework; includeInIndex = 0; path = Pods_MyAppLogin_MyAppLoginUITests.framework; sourceTree = BUILT_PRODUCTS_DIR; };
		6200A02601F1E8CB3486B75B /* Pods-MyAppLogin.release.xcconfig */ = {isa = PBXFileReference; includeInIndex = 1; lastKnownFileType = text.xcconfig; name = "Pods-MyAppLogin.release.xcconfig"; path = "Target Support Files/Pods-MyAppLogin/Pods-MyAppLogin.release.xcconfig"; sourceTree = "<group>"; };
		B28A26C17EC99A4F7DEEA58F /* Pods-MyAppLoginTests.release.xcconfig */ = {isa = PBXFileReference; includeInIndex = 1; lastKnownFileType = text.xcconfig; name = "Pods-MyAppLoginTests.release.xcconfig"; path = "Target Support Files/Pods-MyAppLoginTests/Pods-MyAppLoginTests.release.xcconfig"; sourceTree = "<group>"; };
		C3B1370F5E8B95183397F8D5 /* Pods-MyAppLogin.debug.xcconfig */ = {isa = PBXFileReference; includeInIndex = 1; lastKnownFileType = text.xcconfig; name = "Pods-MyAppLogin.debug.xcconfig"; path = "Target Support Files/Pods-MyAppLogin/Pods-MyAppLogin.debug.xcconfig"; sourceTree = "<group>"; };
		CB3EF32B4A6DAE5218A634B7 /* Pods-MyAppLoginTests.debug.xcconfig */ = {isa = PBXFileReference; includeInIndex = 1; lastKnownFileType = text.xcconfig; name = "Pods-MyAppLoginTests.debug.xcconfig"; path = "Target Support Files/Pods-MyAppLoginTests/Pods-MyAppLoginTests.debug.xcconfig"; sourceTree = "<group>"; };
		CFFE17A1EF9384937BB83253 /* Pods-MyAppLogin-MyAppLoginUITests.debug.xcconfig */ = {isa = PBXFileReference; includeInIndex = 1; lastKnownFileType = text.xcconfig; name = "Pods-MyAppLogin-MyAppLoginUITests.debug.xcconfig"; path = "Target Support Files/Pods-MyAppLogin-MyAppLoginUITests/Pods-MyAppLogin-MyAppLoginUITests.debug.xcconfig"; sourceTree = "<group>"; };
/* End PBXFileReference section */

/* Begin PBXFrameworksBuildPhase section */
		19CDF8582CA7FB3C00C51334 /* Frameworks */ = {
			isa = PBXFrameworksBuildPhase;
			buildActionMask = 2147483647;
			files = (
				8477C8AA1BDCA33FE9182A1C /* Pods_MyAppLogin.framework in Frameworks */,
				19CDF88C2CA7FDF300C51334 /* FirebaseAuth in Frameworks */,
				19CDF88E2CA7FDF300C51334 /* FirebaseFirestore in Frameworks */,
				19CDF8922CA7FDF300C51334 /* FirebaseStorage in Frameworks */,
				19CDF8902CA7FDF300C51334 /* FirebaseFirestoreSwift in Frameworks */,
			);
			runOnlyForDeploymentPostprocessing = 0;
		};
		19CDF8682CA7FB3D00C51334 /* Frameworks */ = {
			isa = PBXFrameworksBuildPhase;
			buildActionMask = 2147483647;
			files = (
				490AA89DC89C29EA46819450 /* Pods_MyAppLoginTests.framework in Frameworks */,
			);
			runOnlyForDeploymentPostprocessing = 0;
		};
		19CDF8722CA7FB3D00C51334 /* Frameworks */ = {
			isa = PBXFrameworksBuildPhase;
			buildActionMask = 2147483647;
			files = (
				96453B288070F52716A8ADD5 /* Pods_MyAppLogin_MyAppLoginUITests.framework in Frameworks */,
			);
			runOnlyForDeploymentPostprocessing = 0;
		};
/* End PBXFrameworksBuildPhase section */

/* Begin PBXGroup section */
		19CDF8522CA7FB3C00C51334 = {
			isa = PBXGroup;
			children = (
				19CDF85D2CA7FB3C00C51334 /* MyAppLogin */,
				19CDF86E2CA7FB3D00C51334 /* MyAppLoginTests */,
				19CDF8782CA7FB3D00C51334 /* MyAppLoginUITests */,
				19CDF85C2CA7FB3C00C51334 /* Products */,
				EFB34DFE567C9A9E1E277983 /* Pods */,
				A98D740949583DC840D1B09E /* Frameworks */,
			);
			sourceTree = "<group>";
		};
		19CDF85C2CA7FB3C00C51334 /* Products */ = {
			isa = PBXGroup;
			children = (
				19CDF85B2CA7FB3C00C51334 /* MyAppLogin.app */,
				19CDF86B2CA7FB3D00C51334 /* MyAppLoginTests.xctest */,
				19CDF8752CA7FB3D00C51334 /* MyAppLoginUITests.xctest */,
			);
			name = Products;
			sourceTree = "<group>";
		};
		19CDF85D2CA7FB3C00C51334 /* MyAppLogin */ = {
			isa = PBXGroup;
			children = (
				19CDF8952CA8060800C51334 /* Info.plist */,
				19CDF85E2CA7FB3C00C51334 /* MyAppLoginApp.swift */,
				19CDF8602CA7FB3C00C51334 /* ContentView.swift */,
				19CDF8622CA7FB3C00C51334 /* Assets.xcassets */,
				19CDF8932CA803AB00C51334 /* GoogleService-Info.plist */,
				19CDF8642CA7FB3C00C51334 /* Preview Content */,
			);
			path = MyAppLogin;
			sourceTree = "<group>";
		};
		19CDF8642CA7FB3C00C51334 /* Preview Content */ = {
			isa = PBXGroup;
			children = (
				19CDF8652CA7FB3C00C51334 /* Preview Assets.xcassets */,
			);
			path = "Preview Content";
			sourceTree = "<group>";
		};
		19CDF86E2CA7FB3D00C51334 /* MyAppLoginTests */ = {
			isa = PBXGroup;
			children = (
				19CDF86F2CA7FB3D00C51334 /* MyAppLoginTests.swift */,
			);
			path = MyAppLoginTests;
			sourceTree = "<group>";
		};
		19CDF8782CA7FB3D00C51334 /* MyAppLoginUITests */ = {
			isa = PBXGroup;
			children = (
				19CDF8792CA7FB3D00C51334 /* MyAppLoginUITests.swift */,
				19CDF87B2CA7FB3D00C51334 /* MyAppLoginUITestsLaunchTests.swift */,
			);
			path = MyAppLoginUITests;
			sourceTree = "<group>";
		};
		A98D740949583DC840D1B09E /* Frameworks */ = {
			isa = PBXGroup;
			children = (
				408C285BF44A01BA6637D165 /* Pods_MyAppLogin.framework */,
				5CB6309EAB13D957C5C51A6F /* Pods_MyAppLogin_MyAppLoginUITests.framework */,
				14534271BD2542C4B1332658 /* Pods_MyAppLoginTests.framework */,
			);
			name = Frameworks;
			sourceTree = "<group>";
		};
		EFB34DFE567C9A9E1E277983 /* Pods */ = {
			isa = PBXGroup;
			children = (
				C3B1370F5E8B95183397F8D5 /* Pods-MyAppLogin.debug.xcconfig */,
				6200A02601F1E8CB3486B75B /* Pods-MyAppLogin.release.xcconfig */,
				CFFE17A1EF9384937BB83253 /* Pods-MyAppLogin-MyAppLoginUITests.debug.xcconfig */,
				4606769ED20629FA496D274A /* Pods-MyAppLogin-MyAppLoginUITests.release.xcconfig */,
				CB3EF32B4A6DAE5218A634B7 /* Pods-MyAppLoginTests.debug.xcconfig */,
				B28A26C17EC99A4F7DEEA58F /* Pods-MyAppLoginTests.release.xcconfig */,
			);
			path = Pods;
			sourceTree = "<group>";
		};
/* End PBXGroup section */

/* Begin PBXNativeTarget section */
		19CDF85A2CA7FB3C00C51334 /* MyAppLogin */ = {
			isa = PBXNativeTarget;
			buildConfigurationList = 19CDF87F2CA7FB3D00C51334 /* Build configuration list for PBXNativeTarget "MyAppLogin" */;
			buildPhases = (
				804BD18D9ABD3219EE2DFA5F /* [CP] Check Pods Manifest.lock */,
				19CDF8572CA7FB3C00C51334 /* Sources */,
				19CDF8582CA7FB3C00C51334 /* Frameworks */,
				19CDF8592CA7FB3C00C51334 /* Resources */,
				3374B64123CDD3CAEFC55106 /* [CP] Embed Pods Frameworks */,
			);
			buildRules = (
			);
			dependencies = (
			);
			name = MyAppLogin;
			packageProductDependencies = (
				19CDF88B2CA7FDF300C51334 /* FirebaseAuth */,
				19CDF88D2CA7FDF300C51334 /* FirebaseFirestore */,
				19CDF88F2CA7FDF300C51334 /* FirebaseFirestoreSwift */,
				19CDF8912CA7FDF300C51334 /* FirebaseStorage */,
			);
			productName = MyAppLogin;
			productReference = 19CDF85B2CA7FB3C00C51334 /* MyAppLogin.app */;
			productType = "com.apple.product-type.application";
		};
		19CDF86A2CA7FB3D00C51334 /* MyAppLoginTests */ = {
			isa = PBXNativeTarget;
			buildConfigurationList = 19CDF8822CA7FB3D00C51334 /* Build configuration list for PBXNativeTarget "MyAppLoginTests" */;
			buildPhases = (
				73ABDC79D3A90A4DD1105E8A /* [CP] Check Pods Manifest.lock */,
				19CDF8672CA7FB3D00C51334 /* Sources */,
				19CDF8682CA7FB3D00C51334 /* Frameworks */,
				19CDF8692CA7FB3D00C51334 /* Resources */,
			);
			buildRules = (
			);
			dependencies = (
				19CDF86D2CA7FB3D00C51334 /* PBXTargetDependency */,
			);
			name = MyAppLoginTests;
			productName = MyAppLoginTests;
			productReference = 19CDF86B2CA7FB3D00C51334 /* MyAppLoginTests.xctest */;
			productType = "com.apple.product-type.bundle.unit-test";
		};
		19CDF8742CA7FB3D00C51334 /* MyAppLoginUITests */ = {
			isa = PBXNativeTarget;
			buildConfigurationList = 19CDF8852CA7FB3D00C51334 /* Build configuration list for PBXNativeTarget "MyAppLoginUITests" */;
			buildPhases = (
				6C79F315B09D6DDDA72E0044 /* [CP] Check Pods Manifest.lock */,
				19CDF8712CA7FB3D00C51334 /* Sources */,
				19CDF8722CA7FB3D00C51334 /* Frameworks */,
				19CDF8732CA7FB3D00C51334 /* Resources */,
				831A295B842FD0E637942B45 /* [CP] Embed Pods Frameworks */,
			);
			buildRules = (
			);
			dependencies = (
				19CDF8772CA7FB3D00C51334 /* PBXTargetDependency */,
			);
			name = MyAppLoginUITests;
			productName = MyAppLoginUITests;
			productReference = 19CDF8752CA7FB3D00C51334 /* MyAppLoginUITests.xctest */;
			productType = "com.apple.product-type.bundle.ui-testing";
		};
/* End PBXNativeTarget section */

/* Begin PBXProject section */
		19CDF8532CA7FB3C00C51334 /* Project object */ = {
			isa = PBXProject;
			attributes = {
				BuildIndependentTargetsInParallel = 1;
				LastSwiftUpdateCheck = 1430;
				LastUpgradeCheck = 1430;
				TargetAttributes = {
					19CDF85A2CA7FB3C00C51334 = {
						CreatedOnToolsVersion = 14.3.1;
					};
					19CDF86A2CA7FB3D00C51334 = {
						CreatedOnToolsVersion = 14.3.1;
						TestTargetID = 19CDF85A2CA7FB3C00C51334;
					};
					19CDF8742CA7FB3D00C51334 = {
						CreatedOnToolsVersion = 14.3.1;
						TestTargetID = 19CDF85A2CA7FB3C00C51334;
					};
				};
			};
			buildConfigurationList = 19CDF8562CA7FB3C00C51334 /* Build configuration list for PBXProject "MyAppLogin" */;
			compatibilityVersion = "Xcode 14.0";
			developmentRegion = en;
			hasScannedForEncodings = 0;
			knownRegions = (
				en,
				Base,
			);
			mainGroup = 19CDF8522CA7FB3C00C51334;
			packageReferences = (
				19CDF88A2CA7FDF300C51334 /* XCRemoteSwiftPackageReference "firebase-ios-sdk" */,
			);
			productRefGroup = 19CDF85C2CA7FB3C00C51334 /* Products */;
			projectDirPath = "";
			projectRoot = "";
			targets = (
				19CDF85A2CA7FB3C00C51334 /* MyAppLogin */,
				19CDF86A2CA7FB3D00C51334 /* MyAppLoginTests */,
				19CDF8742CA7FB3D00C51334 /* MyAppLoginUITests */,
			);
		};
/* End PBXProject section */

/* Begin PBXResourcesBuildPhase section */
		19CDF8592CA7FB3C00C51334 /* Resources */ = {
			isa = PBXResourcesBuildPhase;
			buildActionMask = 2147483647;
			files = (
				19CDF8662CA7FB3C00C51334 /* Preview Assets.xcassets in Resources */,
				19CDF8632CA7FB3C00C51334 /* Assets.xcassets in Resources */,
				19CDF8942CA803AB00C51334 /* GoogleService-Info.plist in Resources */,
			);
			runOnlyForDeploymentPostprocessing = 0;
		};
		19CDF8692CA7FB3D00C51334 /* Resources */ = {
			isa = PBXResourcesBuildPhase;
			buildActionMask = 2147483647;
			files = (
			);
			runOnlyForDeploymentPostprocessing = 0;
		};
		19CDF8732CA7FB3D00C51334 /* Resources */ = {
			isa = PBXResourcesBuildPhase;
			buildActionMask = 2147483647;
			files = (
			);
			runOnlyForDeploymentPostprocessing = 0;
		};
/* End PBXResourcesBuildPhase section */

/* Begin PBXShellScriptBuildPhase section */
		3374B64123CDD3CAEFC55106 /* [CP] Embed Pods Frameworks */ = {
			isa = PBXShellScriptBuildPhase;
			buildActionMask = 2147483647;
			files = (
			);
			inputFileListPaths = (
				"${PODS_ROOT}/Target Support Files/Pods-MyAppLogin/Pods-MyAppLogin-frameworks-${CONFIGURATION}-input-files.xcfilelist",
			);
			name = "[CP] Embed Pods Frameworks";
			outputFileListPaths = (
				"${PODS_ROOT}/Target Support Files/Pods-MyAppLogin/Pods-MyAppLogin-frameworks-${CONFIGURATION}-output-files.xcfilelist",
			);
			runOnlyForDeploymentPostprocessing = 0;
			shellPath = /bin/sh;
			shellScript = "\"${PODS_ROOT}/Target Support Files/Pods-MyAppLogin/Pods-MyAppLogin-frameworks.sh\"\n";
			showEnvVarsInLog = 0;
		};
		6C79F315B09D6DDDA72E0044 /* [CP] Check Pods Manifest.lock */ = {
			isa = PBXShellScriptBuildPhase;
			buildActionMask = 2147483647;
			files = (
			);
			inputFileListPaths = (
			);
			inputPaths = (
				"${PODS_PODFILE_DIR_PATH}/Podfile.lock",
				"${PODS_ROOT}/Manifest.lock",
			);
			name = "[CP] Check Pods Manifest.lock";
			outputFileListPaths = (
			);
			outputPaths = (
				"$(DERIVED_FILE_DIR)/Pods-MyAppLogin-MyAppLoginUITests-checkManifestLockResult.txt",
			);
			runOnlyForDeploymentPostprocessing = 0;
			shellPath = /bin/sh;
			shellScript = "diff \"${PODS_PODFILE_DIR_PATH}/Podfile.lock\" \"${PODS_ROOT}/Manifest.lock\" > /dev/null\nif [ $? != 0 ] ; then\n    # print error to STDERR\n    echo \"error: The sandbox is not in sync with the Podfile.lock. Run 'pod install' or update your CocoaPods installation.\" >&2\n    exit 1\nfi\n# This output is used by Xcode 'outputs' to avoid re-running this script phase.\necho \"SUCCESS\" > \"${SCRIPT_OUTPUT_FILE_0}\"\n";
			showEnvVarsInLog = 0;
		};
		73ABDC79D3A90A4DD1105E8A /* [CP] Check Pods Manifest.lock */ = {
			isa = PBXShellScriptBuildPhase;
			buildActionMask = 2147483647;
			files = (
			);
			inputFileListPaths = (
			);
			inputPaths = (
				"${PODS_PODFILE_DIR_PATH}/Podfile.lock",
				"${PODS_ROOT}/Manifest.lock",
			);
			name = "[CP] Check Pods Manifest.lock";
			outputFileListPaths = (
			);
			outputPaths = (
				"$(DERIVED_FILE_DIR)/Pods-MyAppLoginTests-checkManifestLockResult.txt",
			);
			runOnlyForDeploymentPostprocessing = 0;
			shellPath = /bin/sh;
			shellScript = "diff \"${PODS_PODFILE_DIR_PATH}/Podfile.lock\" \"${PODS_ROOT}/Manifest.lock\" > /dev/null\nif [ $? != 0 ] ; then\n    # print error to STDERR\n    echo \"error: The sandbox is not in sync with the Podfile.lock. Run 'pod install' or update your CocoaPods installation.\" >&2\n    exit 1\nfi\n# This output is used by Xcode 'outputs' to avoid re-running this script phase.\necho \"SUCCESS\" > \"${SCRIPT_OUTPUT_FILE_0}\"\n";
			showEnvVarsInLog = 0;
		};
		804BD18D9ABD3219EE2DFA5F /* [CP] Check Pods Manifest.lock */ = {
			isa = PBXShellScriptBuildPhase;
			buildActionMask = 2147483647;
			files = (
			);
			inputFileListPaths = (
			);
			inputPaths = (
				"${PODS_PODFILE_DIR_PATH}/Podfile.lock",
				"${PODS_ROOT}/Manifest.lock",
			);
			name = "[CP] Check Pods Manifest.lock";
			outputFileListPaths = (
			);
			outputPaths = (
				"$(DERIVED_FILE_DIR)/Pods-MyAppLogin-checkManifestLockResult.txt",
			);
			runOnlyForDeploymentPostprocessing = 0;
			shellPath = /bin/sh;
			shellScript = "diff \"${PODS_PODFILE_DIR_PATH}/Podfile.lock\" \"${PODS_ROOT}/Manifest.lock\" > /dev/null\nif [ $? != 0 ] ; then\n    # print error to STDERR\n    echo \"error: The sandbox is not in sync with the Podfile.lock. Run 'pod install' or update your CocoaPods installation.\" >&2\n    exit 1\nfi\n# This output is used by Xcode 'outputs' to avoid re-running this script phase.\necho \"SUCCESS\" > \"${SCRIPT_OUTPUT_FILE_0}\"\n";
			showEnvVarsInLog = 0;
		};
		831A295B842FD0E637942B45 /* [CP] Embed Pods Frameworks */ = {
			isa = PBXShellScriptBuildPhase;
			buildActionMask = 2147483647;
			files = (
			);
			inputFileListPaths = (
				"${PODS_ROOT}/Target Support Files/Pods-MyAppLogin-MyAppLoginUITests/Pods-MyAppLogin-MyAppLoginUITests-frameworks-${CONFIGURATION}-input-files.xcfilelist",
			);
			name = "[CP] Embed Pods Frameworks";
			outputFileListPaths = (
				"${PODS_ROOT}/Target Support Files/Pods-MyAppLogin-MyAppLoginUITests/Pods-MyAppLogin-MyAppLoginUITests-frameworks-${CONFIGURATION}-output-files.xcfilelist",
			);
			runOnlyForDeploymentPostprocessing = 0;
			shellPath = /bin/sh;
			shellScript = "\"${PODS_ROOT}/Target Support Files/Pods-MyAppLogin-MyAppLoginUITests/Pods-MyAppLogin-MyAppLoginUITests-frameworks.sh\"\n";
			showEnvVarsInLog = 0;
		};
/* End PBXShellScriptBuildPhase section */

/* Begin PBXSourcesBuildPhase section */
		19CDF8572CA7FB3C00C51334 /* Sources */ = {
			isa = PBXSourcesBuildPhase;
			buildActionMask = 2147483647;
			files = (
				19CDF8612CA7FB3C00C51334 /* ContentView.swift in Sources */,
				19CDF85F2CA7FB3C00C51334 /* MyAppLoginApp.swift in Sources */,
			);
			runOnlyForDeploymentPostprocessing = 0;
		};
		19CDF8672CA7FB3D00C51334 /* Sources */ = {
			isa = PBXSourcesBuildPhase;
			buildActionMask = 2147483647;
			files = (
				19CDF8702CA7FB3D00C51334 /* MyAppLoginTests.swift in Sources */,
			);
			runOnlyForDeploymentPostprocessing = 0;
		};
		19CDF8712CA7FB3D00C51334 /* Sources */ = {
			isa = PBXSourcesBuildPhase;
			buildActionMask = 2147483647;
			files = (
				19CDF87C2CA7FB3D00C51334 /* MyAppLoginUITestsLaunchTests.swift in Sources */,
				19CDF87A2CA7FB3D00C51334 /* MyAppLoginUITests.swift in Sources */,
			);
			runOnlyForDeploymentPostprocessing = 0;
		};
/* End PBXSourcesBuildPhase section */

/* Begin PBXTargetDependency section */
		19CDF86D2CA7FB3D00C51334 /* PBXTargetDependency */ = {
			isa = PBXTargetDependency;
			target = 19CDF85A2CA7FB3C00C51334 /* MyAppLogin */;
			targetProxy = 19CDF86C2CA7FB3D00C51334 /* PBXContainerItemProxy */;
		};
		19CDF8772CA7FB3D00C51334 /* PBXTargetDependency */ = {
			isa = PBXTargetDependency;
			target = 19CDF85A2CA7FB3C00C51334 /* MyAppLogin */;
			targetProxy = 19CDF8762CA7FB3D00C51334 /* PBXContainerItemProxy */;
		};
/* End PBXTargetDependency section */

/* Begin XCBuildConfiguration section */
		19CDF87D2CA7FB3D00C51334 /* Debug */ = {
			isa = XCBuildConfiguration;
			buildSettings = {
				ALWAYS_SEARCH_USER_PATHS = NO;
				CLANG_ANALYZER_NONNULL = YES;
				CLANG_ANALYZER_NUMBER_OBJECT_CONVERSION = YES_AGGRESSIVE;
				CLANG_CXX_LANGUAGE_STANDARD = "gnu++20";
				CLANG_ENABLE_MODULES = YES;
				CLANG_ENABLE_OBJC_ARC = YES;
				CLANG_ENABLE_OBJC_WEAK = YES;
				CLANG_WARN_BLOCK_CAPTURE_AUTORELEASING = YES;
				CLANG_WARN_BOOL_CONVERSION = YES;
				CLANG_WARN_COMMA = YES;
				CLANG_WARN_CONSTANT_CONVERSION = YES;
				CLANG_WARN_DEPRECATED_OBJC_IMPLEMENTATIONS = YES;
				CLANG_WARN_DIRECT_OBJC_ISA_USAGE = YES_ERROR;
				CLANG_WARN_DOCUMENTATION_COMMENTS = YES;
				CLANG_WARN_EMPTY_BODY = YES;
				CLANG_WARN_ENUM_CONVERSION = YES;
				CLANG_WARN_INFINITE_RECURSION = YES;
				CLANG_WARN_INT_CONVERSION = YES;
				CLANG_WARN_NON_LITERAL_NULL_CONVERSION = YES;
				CLANG_WARN_OBJC_IMPLICIT_RETAIN_SELF = YES;
				CLANG_WARN_OBJC_LITERAL_CONVERSION = YES;
				CLANG_WARN_OBJC_ROOT_CLASS = YES_ERROR;
				CLANG_WARN_QUOTED_INCLUDE_IN_FRAMEWORK_HEADER = YES;
				CLANG_WARN_RANGE_LOOP_ANALYSIS = YES;
				CLANG_WARN_STRICT_PROTOTYPES = YES;
				CLANG_WARN_SUSPICIOUS_MOVE = YES;
				CLANG_WARN_UNGUARDED_AVAILABILITY = YES_AGGRESSIVE;
				CLANG_WARN_UNREACHABLE_CODE = YES;
				CLANG_WARN__DUPLICATE_METHOD_MATCH = YES;
				COPY_PHASE_STRIP = NO;
				DEBUG_INFORMATION_FORMAT = dwarf;
				ENABLE_STRICT_OBJC_MSGSEND = YES;
				ENABLE_TESTABILITY = YES;
				GCC_C_LANGUAGE_STANDARD = gnu11;
				GCC_DYNAMIC_NO_PIC = NO;
				GCC_NO_COMMON_BLOCKS = YES;
				GCC_OPTIMIZATION_LEVEL = 0;
				GCC_PREPROCESSOR_DEFINITIONS = (
					"DEBUG=1",
					"$(inherited)",
				);
				GCC_WARN_64_TO_32_BIT_CONVERSION = YES;
				GCC_WARN_ABOUT_RETURN_TYPE = YES_ERROR;
				GCC_WARN_UNDECLARED_SELECTOR = YES;
				GCC_WARN_UNINITIALIZED_AUTOS = YES_AGGRESSIVE;
				GCC_WARN_UNUSED_FUNCTION = YES;
				GCC_WARN_UNUSED_VARIABLE = YES;
				IPHONEOS_DEPLOYMENT_TARGET = 16.4;
				MTL_ENABLE_DEBUG_INFO = INCLUDE_SOURCE;
				MTL_FAST_MATH = YES;
				ONLY_ACTIVE_ARCH = YES;
				SDKROOT = iphoneos;
				SWIFT_ACTIVE_COMPILATION_CONDITIONS = DEBUG;
				SWIFT_OPTIMIZATION_LEVEL = "-Onone";
			};
			name = Debug;
		};
		19CDF87E2CA7FB3D00C51334 /* Release */ = {
			isa = XCBuildConfiguration;
			buildSettings = {
				ALWAYS_SEARCH_USER_PATHS = NO;
				CLANG_ANALYZER_NONNULL = YES;
				CLANG_ANALYZER_NUMBER_OBJECT_CONVERSION = YES_AGGRESSIVE;
				CLANG_CXX_LANGUAGE_STANDARD = "gnu++20";
				CLANG_ENABLE_MODULES = YES;
				CLANG_ENABLE_OBJC_ARC = YES;
				CLANG_ENABLE_OBJC_WEAK = YES;
				CLANG_WARN_BLOCK_CAPTURE_AUTORELEASING = YES;
				CLANG_WARN_BOOL_CONVERSION = YES;
				CLANG_WARN_COMMA = YES;
				CLANG_WARN_CONSTANT_CONVERSION = YES;
				CLANG_WARN_DEPRECATED_OBJC_IMPLEMENTATIONS = YES;
				CLANG_WARN_DIRECT_OBJC_ISA_USAGE = YES_ERROR;
				CLANG_WARN_DOCUMENTATION_COMMENTS = YES;
				CLANG_WARN_EMPTY_BODY = YES;
				CLANG_WARN_ENUM_CONVERSION = YES;
				CLANG_WARN_INFINITE_RECURSION = YES;
				CLANG_WARN_INT_CONVERSION = YES;
				CLANG_WARN_NON_LITERAL_NULL_CONVERSION = YES;
				CLANG_WARN_OBJC_IMPLICIT_RETAIN_SELF = YES;
				CLANG_WARN_OBJC_LITERAL_CONVERSION = YES;
				CLANG_WARN_OBJC_ROOT_CLASS = YES_ERROR;
				CLANG_WARN_QUOTED_INCLUDE_IN_FRAMEWORK_HEADER = YES;
				CLANG_WARN_RANGE_LOOP_ANALYSIS = YES;
				CLANG_WARN_STRICT_PROTOTYPES = YES;
				CLANG_WARN_SUSPICIOUS_MOVE = YES;
				CLANG_WARN_UNGUARDED_AVAILABILITY = YES_AGGRESSIVE;
				CLANG_WARN_UNREACHABLE_CODE = YES;
				CLANG_WARN__DUPLICATE_METHOD_MATCH = YES;
				COPY_PHASE_STRIP = NO;
				DEBUG_INFORMATION_FORMAT = "dwarf-with-dsym";
				ENABLE_NS_ASSERTIONS = NO;
				ENABLE_STRICT_OBJC_MSGSEND = YES;
				GCC_C_LANGUAGE_STANDARD = gnu11;
				GCC_NO_COMMON_BLOCKS = YES;
				GCC_WARN_64_TO_32_BIT_CONVERSION = YES;
				GCC_WARN_ABOUT_RETURN_TYPE = YES_ERROR;
				GCC_WARN_UNDECLARED_SELECTOR = YES;
				GCC_WARN_UNINITIALIZED_AUTOS = YES_AGGRESSIVE;
				GCC_WARN_UNUSED_FUNCTION = YES;
				GCC_WARN_UNUSED_VARIABLE = YES;
				IPHONEOS_DEPLOYMENT_TARGET = 16.4;
				MTL_ENABLE_DEBUG_INFO = NO;
				MTL_FAST_MATH = YES;
				SDKROOT = iphoneos;
				SWIFT_COMPILATION_MODE = wholemodule;
				SWIFT_OPTIMIZATION_LEVEL = "-O";
				VALIDATE_PRODUCT = YES;
			};
			name = Release;
		};
		19CDF8802CA7FB3D00C51334 /* Debug */ = {
			isa = XCBuildConfiguration;
			baseConfigurationReference = C3B1370F5E8B95183397F8D5 /* Pods-MyAppLogin.debug.xcconfig */;
			buildSettings = {
				ASSETCATALOG_COMPILER_APPICON_NAME = AppIcon;
				ASSETCATALOG_COMPILER_GLOBAL_ACCENT_COLOR_NAME = AccentColor;
				CODE_SIGN_STYLE = Automatic;
				CURRENT_PROJECT_VERSION = 1;
				DEVELOPMENT_ASSET_PATHS = "\"MyAppLogin/Preview Content\"";
				ENABLE_PREVIEWS = YES;
				GENERATE_INFOPLIST_FILE = YES;
				INFOPLIST_FILE = MyAppLogin/Info.plist;
				INFOPLIST_KEY_UIApplicationSceneManifest_Generation = YES;
				INFOPLIST_KEY_UIApplicationSupportsIndirectInputEvents = YES;
				INFOPLIST_KEY_UILaunchScreen_Generation = YES;
				INFOPLIST_KEY_UISupportedInterfaceOrientations_iPad = "UIInterfaceOrientationPortrait UIInterfaceOrientationPortraitUpsideDown UIInterfaceOrientationLandscapeLeft UIInterfaceOrientationLandscapeRight";
				INFOPLIST_KEY_UISupportedInterfaceOrientations_iPhone = "UIInterfaceOrientationPortrait UIInterfaceOrientationLandscapeLeft UIInterfaceOrientationLandscapeRight";
				LD_RUNPATH_SEARCH_PATHS = (
					"$(inherited)",
					"@executable_path/Frameworks",
				);
				MARKETING_VERSION = 1.0;
				PRODUCT_BUNDLE_IDENTIFIER = com.study.MyAppLogin;
				PRODUCT_NAME = "$(TARGET_NAME)";
				SWIFT_EMIT_LOC_STRINGS = YES;
				SWIFT_VERSION = 5.0;
				TARGETED_DEVICE_FAMILY = "1,2";
			};
			name = Debug;
		};
		19CDF8812CA7FB3D00C51334 /* Release */ = {
			isa = XCBuildConfiguration;
			baseConfigurationReference = 6200A02601F1E8CB3486B75B /* Pods-MyAppLogin.release.xcconfig */;
			buildSettings = {
				ASSETCATALOG_COMPILER_APPICON_NAME = AppIcon;
				ASSETCATALOG_COMPILER_GLOBAL_ACCENT_COLOR_NAME = AccentColor;
				CODE_SIGN_STYLE = Automatic;
				CURRENT_PROJECT_VERSION = 1;
				DEVELOPMENT_ASSET_PATHS = "\"MyAppLogin/Preview Content\"";
				ENABLE_PREVIEWS = YES;
				GENERATE_INFOPLIST_FILE = YES;
				INFOPLIST_FILE = MyAppLogin/Info.plist;
				INFOPLIST_KEY_UIApplicationSceneManifest_Generation = YES;
				INFOPLIST_KEY_UIApplicationSupportsIndirectInputEvents = YES;
				INFOPLIST_KEY_UILaunchScreen_Generation = YES;
				INFOPLIST_KEY_UISupportedInterfaceOrientations_iPad = "UIInterfaceOrientationPortrait UIInterfaceOrientationPortraitUpsideDown UIInterfaceOrientationLandscapeLeft UIInterfaceOrientationLandscapeRight";
				INFOPLIST_KEY_UISupportedInterfaceOrientations_iPhone = "UIInterfaceOrientationPortrait UIInterfaceOrientationLandscapeLeft UIInterfaceOrientationLandscapeRight";
				LD_RUNPATH_SEARCH_PATHS = (
					"$(inherited)",
					"@executable_path/Frameworks",
				);
				MARKETING_VERSION = 1.0;
				PRODUCT_BUNDLE_IDENTIFIER = com.study.MyAppLogin;
				PRODUCT_NAME = "$(TARGET_NAME)";
				SWIFT_EMIT_LOC_STRINGS = YES;
				SWIFT_VERSION = 5.0;
				TARGETED_DEVICE_FAMILY = "1,2";
			};
			name = Release;
		};
		19CDF8832CA7FB3D00C51334 /* Debug */ = {
			isa = XCBuildConfiguration;
			baseConfigurationReference = CB3EF32B4A6DAE5218A634B7 /* Pods-MyAppLoginTests.debug.xcconfig */;
			buildSettings = {
				ALWAYS_EMBED_SWIFT_STANDARD_LIBRARIES = YES;
				BUNDLE_LOADER = "$(TEST_HOST)";
				CODE_SIGN_STYLE = Automatic;
				CURRENT_PROJECT_VERSION = 1;
				GENERATE_INFOPLIST_FILE = YES;
				IPHONEOS_DEPLOYMENT_TARGET = 16.4;
				MARKETING_VERSION = 1.0;
				PRODUCT_BUNDLE_IDENTIFIER = com.study.MyAppLoginTests;
				PRODUCT_NAME = "$(TARGET_NAME)";
				SWIFT_EMIT_LOC_STRINGS = NO;
				SWIFT_VERSION = 5.0;
				TARGETED_DEVICE_FAMILY = "1,2";
				TEST_HOST = "$(BUILT_PRODUCTS_DIR)/MyAppLogin.app/$(BUNDLE_EXECUTABLE_FOLDER_PATH)/MyAppLogin";
			};
			name = Debug;
		};
		19CDF8842CA7FB3D00C51334 /* Release */ = {
			isa = XCBuildConfiguration;
			baseConfigurationReference = B28A26C17EC99A4F7DEEA58F /* Pods-MyAppLoginTests.release.xcconfig */;
			buildSettings = {
				ALWAYS_EMBED_SWIFT_STANDARD_LIBRARIES = YES;
				BUNDLE_LOADER = "$(TEST_HOST)";
				CODE_SIGN_STYLE = Automatic;
				CURRENT_PROJECT_VERSION = 1;
				GENERATE_INFOPLIST_FILE = YES;
				IPHONEOS_DEPLOYMENT_TARGET = 16.4;
				MARKETING_VERSION = 1.0;
				PRODUCT_BUNDLE_IDENTIFIER = com.study.MyAppLoginTests;
				PRODUCT_NAME = "$(TARGET_NAME)";
				SWIFT_EMIT_LOC_STRINGS = NO;
				SWIFT_VERSION = 5.0;
				TARGETED_DEVICE_FAMILY = "1,2";
				TEST_HOST = "$(BUILT_PRODUCTS_DIR)/MyAppLogin.app/$(BUNDLE_EXECUTABLE_FOLDER_PATH)/MyAppLogin";
			};
			name = Release;
		};
		19CDF8862CA7FB3D00C51334 /* Debug */ = {
			isa = XCBuildConfiguration;
			baseConfigurationReference = CFFE17A1EF9384937BB83253 /* Pods-MyAppLogin-MyAppLoginUITests.debug.xcconfig */;
			buildSettings = {
				ALWAYS_EMBED_SWIFT_STANDARD_LIBRARIES = YES;
				CODE_SIGN_STYLE = Automatic;
				CURRENT_PROJECT_VERSION = 1;
				GENERATE_INFOPLIST_FILE = YES;
				MARKETING_VERSION = 1.0;
				PRODUCT_BUNDLE_IDENTIFIER = com.study.MyAppLoginUITests;
				PRODUCT_NAME = "$(TARGET_NAME)";
				SWIFT_EMIT_LOC_STRINGS = NO;
				SWIFT_VERSION = 5.0;
				TARGETED_DEVICE_FAMILY = "1,2";
				TEST_TARGET_NAME = MyAppLogin;
			};
			name = Debug;
		};
		19CDF8872CA7FB3D00C51334 /* Release */ = {
			isa = XCBuildConfiguration;
			baseConfigurationReference = 4606769ED20629FA496D274A /* Pods-MyAppLogin-MyAppLoginUITests.release.xcconfig */;
			buildSettings = {
				ALWAYS_EMBED_SWIFT_STANDARD_LIBRARIES = YES;
				CODE_SIGN_STYLE = Automatic;
				CURRENT_PROJECT_VERSION = 1;
				GENERATE_INFOPLIST_FILE = YES;
				MARKETING_VERSION = 1.0;
				PRODUCT_BUNDLE_IDENTIFIER = com.study.MyAppLoginUITests;
				PRODUCT_NAME = "$(TARGET_NAME)";
				SWIFT_EMIT_LOC_STRINGS = NO;
				SWIFT_VERSION = 5.0;
				TARGETED_DEVICE_FAMILY = "1,2";
				TEST_TARGET_NAME = MyAppLogin;
			};
			name = Release;
		};
/* End XCBuildConfiguration section */

/* Begin XCConfigurationList section */
		19CDF8562CA7FB3C00C51334 /* Build configuration list for PBXProject "MyAppLogin" */ = {
			isa = XCConfigurationList;
			buildConfigurations = (
				19CDF87D2CA7FB3D00C51334 /* Debug */,
				19CDF87E2CA7FB3D00C51334 /* Release */,
			);
			defaultConfigurationIsVisible = 0;
			defaultConfigurationName = Release;
		};
		19CDF87F2CA7FB3D00C51334 /* Build configuration list for PBXNativeTarget "MyAppLogin" */ = {
			isa = XCConfigurationList;
			buildConfigurations = (
				19CDF8802CA7FB3D00C51334 /* Debug */,
				19CDF8812CA7FB3D00C51334 /* Release */,
			);
			defaultConfigurationIsVisible = 0;
			defaultConfigurationName = Release;
		};
		19CDF8822CA7FB3D00C51334 /* Build configuration list for PBXNativeTarget "MyAppLoginTests" */ = {
			isa = XCConfigurationList;
			buildConfigurations = (
				19CDF8832CA7FB3D00C51334 /* Debug */,
				19CDF8842CA7FB3D00C51334 /* Release */,
			);
			defaultConfigurationIsVisible = 0;
			defaultConfigurationName = Release;
		};
		19CDF8852CA7FB3D00C51334 /* Build configuration list for PBXNativeTarget "MyAppLoginUITests" */ = {
			isa = XCConfigurationList;
			buildConfigurations = (
				19CDF8862CA7FB3D00C51334 /* Debug */,
				19CDF8872CA7FB3D00C51334 /* Release */,
			);
			defaultConfigurationIsVisible = 0;
			defaultConfigurationName = Release;
		};
/* End XCConfigurationList section */

/* Begin XCRemoteSwiftPackageReference section */
		19CDF88A2CA7FDF300C51334 /* XCRemoteSwiftPackageReference "firebase-ios-sdk" */ = {
			isa = XCRemoteSwiftPackageReference;
			repositoryURL = "https://github.com/firebase/firebase-ios-sdk";
			requirement = {
				kind = upToNextMajorVersion;
				minimumVersion = 10.24.0;
			};
		};
/* End XCRemoteSwiftPackageReference section */

/* Begin XCSwiftPackageProductDependency section */
		19CDF88B2CA7FDF300C51334 /* FirebaseAuth */ = {
			isa = XCSwiftPackageProductDependency;
			package = 19CDF88A2CA7FDF300C51334 /* XCRemoteSwiftPackageReference "firebase-ios-sdk" */;
			productName = FirebaseAuth;
		};
		19CDF88D2CA7FDF300C51334 /* FirebaseFirestore */ = {
			isa = XCSwiftPackageProductDependency;
			package = 19CDF88A2CA7FDF300C51334 /* XCRemoteSwiftPackageReference "firebase-ios-sdk" */;
			productName = FirebaseFirestore;
		};
		19CDF88F2CA7FDF300C51334 /* FirebaseFirestoreSwift */ = {
			isa = XCSwiftPackageProductDependency;
			package = 19CDF88A2CA7FDF300C51334 /* XCRemoteSwiftPackageReference "firebase-ios-sdk" */;
			productName = FirebaseFirestoreSwift;
		};
		19CDF8912CA7FDF300C51334 /* FirebaseStorage */ = {
			isa = XCSwiftPackageProductDependency;
			package = 19CDF88A2CA7FDF300C51334 /* XCRemoteSwiftPackageReference "firebase-ios-sdk" */;
			productName = FirebaseStorage;
		};
/* End XCSwiftPackageProductDependency section */
	};
	rootObject = 19CDF8532CA7FB3C00C51334 /* Project object */;
}
